// !$*UTF8*$!
{
	archiveVersion = 1;
	classes = {
	};
	objectVersion = 50;
	objects = {

/* Begin PBXBuildFile section */
		0A0D6D632602B41E00055C98 /* GlucoseTargetRangeSetting.swift in Sources */ = {isa = PBXBuildFile; fileRef = 0A0D6D622602B41E00055C98 /* GlucoseTargetRangeSetting.swift */; };
		0A0D6D692602C71A00055C98 /* HKUnit.swift in Sources */ = {isa = PBXBuildFile; fileRef = 0A0D6D682602C71A00055C98 /* HKUnit.swift */; };
		0A146C7525850FD200CF5F0A /* Framework.swift in Sources */ = {isa = PBXBuildFile; fileRef = 0A146C7325850FAC00CF5F0A /* Framework.swift */; };
		0A146C7725850FE400CF5F0A /* LocalizedString.swift in Sources */ = {isa = PBXBuildFile; fileRef = 0A146C7625850FE400CF5F0A /* LocalizedString.swift */; };
		0A146C782585104800CF5F0A /* Framework.swift in Sources */ = {isa = PBXBuildFile; fileRef = 0A146C7325850FAC00CF5F0A /* Framework.swift */; };
		0A146C792585104800CF5F0A /* LocalizedString.swift in Sources */ = {isa = PBXBuildFile; fileRef = 0A146C7625850FE400CF5F0A /* LocalizedString.swift */; };
		0A17891E26D3DAD30086D245 /* 1587513080.0655909.txt in Sources */ = {isa = PBXBuildFile; fileRef = 0A944D8426D3D4BF0051E8BA /* 1587513080.0655909.txt */; };
		0A17891F26D3DB290086D245 /* 1587517529.933136.txt in Sources */ = {isa = PBXBuildFile; fileRef = 0A944DAF26D3D4C50051E8BA /* 1587517529.933136.txt */; };
		0A17892026D3DB290086D245 /* 1587523526.197431.txt in Sources */ = {isa = PBXBuildFile; fileRef = 0A944A5926D3D4660051E8BA /* 1587523526.197431.txt */; };
		0A17892126D3DB290086D245 /* 1587538526.0026078.txt in Sources */ = {isa = PBXBuildFile; fileRef = 0A944C9026D3D4A00051E8BA /* 1587538526.0026078.txt */; };
		0A17892226D3DB290086D245 /* 1587546625.9357471.txt in Sources */ = {isa = PBXBuildFile; fileRef = 0A944C1A26D3D48D0051E8BA /* 1587546625.9357471.txt */; };
		0A192ADB2589752A00598025 /* LibreKitPlugin.h in Headers */ = {isa = PBXBuildFile; fileRef = 0A192AD92589752A00598025 /* LibreKitPlugin.h */; settings = {ATTRIBUTES = (Public, ); }; };
		0A192AF9258975E000598025 /* LibreKitPlugin.swift in Sources */ = {isa = PBXBuildFile; fileRef = 0A192AF8258975E000598025 /* LibreKitPlugin.swift */; };
		0A27B3C626D3D130009BD4C0 /* LibreKitTests.swift in Sources */ = {isa = PBXBuildFile; fileRef = 0A27B3C526D3D130009BD4C0 /* LibreKitTests.swift */; };
		0A27B3C826D3D130009BD4C0 /* LibreKit.framework in Frameworks */ = {isa = PBXBuildFile; fileRef = 0A544DB22581A0B300DC6DE5 /* LibreKit.framework */; };
		0A2F443726041C3C007A7857 /* LibreCGMManagerState.swift in Sources */ = {isa = PBXBuildFile; fileRef = 0A2F443626041C3C007A7857 /* LibreCGMManagerState.swift */; };
		0A2F44492604A600007A7857 /* SensorPacket.swift in Sources */ = {isa = PBXBuildFile; fileRef = 0A2F44482604A600007A7857 /* SensorPacket.swift */; };
		0A2F44512604A9DC007A7857 /* TransmitterState.swift in Sources */ = {isa = PBXBuildFile; fileRef = 0A2F44502604A9DC007A7857 /* TransmitterState.swift */; };
		0A2F44552604A9EC007A7857 /* TransmitterManager.swift in Sources */ = {isa = PBXBuildFile; fileRef = 0A2F44542604A9EC007A7857 /* TransmitterManager.swift */; };
		0A2F73B8261E7DA400B85EFC /* TransmitterConnectView.swift in Sources */ = {isa = PBXBuildFile; fileRef = 0A2F73B7261E7DA400B85EFC /* TransmitterConnectView.swift */; };
		0A2F73C0261E81CD00B85EFC /* TransmitterConnectModel.swift in Sources */ = {isa = PBXBuildFile; fileRef = 0A2F73BF261E81CD00B85EFC /* TransmitterConnectModel.swift */; };
		0A2F73C426245A4900B85EFC /* ManagerSettingsModel.swift in Sources */ = {isa = PBXBuildFile; fileRef = 0A2F73C326245A4900B85EFC /* ManagerSettingsModel.swift */; };
		0A2F73C826245DE300B85EFC /* ManagerSettingsView.swift in Sources */ = {isa = PBXBuildFile; fileRef = 0A2F73C726245DE300B85EFC /* ManagerSettingsView.swift */; };
		0A2F73D42624C73F00B85EFC /* GlucoseTargetRangeEditor.swift in Sources */ = {isa = PBXBuildFile; fileRef = 0A2F73D32624C73F00B85EFC /* GlucoseTargetRangeEditor.swift */; };
		0A2F73E92627650700B85EFC /* LoopKit.swift in Sources */ = {isa = PBXBuildFile; fileRef = 0A2F73E32627640400B85EFC /* LoopKit.swift */; };
		0A407DE625898C2B002B2C9B /* UIImage.swift in Sources */ = {isa = PBXBuildFile; fileRef = 0A407DE525898C2B002B2C9B /* UIImage.swift */; };
		0A465EF426C5CBBB00E50AA3 /* LoopKit.framework in Frameworks */ = {isa = PBXBuildFile; fileRef = 0A465EF326C5CBBB00E50AA3 /* LoopKit.framework */; };
		0A465EF826C5CBC100E50AA3 /* LoopKitUI.framework in Frameworks */ = {isa = PBXBuildFile; fileRef = 0A465EF726C5CBC100E50AA3 /* LoopKitUI.framework */; };
		0A465EFB26C5CBC600E50AA3 /* HealthKit.framework in Frameworks */ = {isa = PBXBuildFile; fileRef = 0A465EFA26C5CBC600E50AA3 /* HealthKit.framework */; };
		0A465F0326C9A29E00E50AA3 /* Transmitter+Native.swift in Sources */ = {isa = PBXBuildFile; fileRef = 0A465F0226C9A29E00E50AA3 /* Transmitter+Native.swift */; };
		0A465F0626CAF63800E50AA3 /* DerivedAlgorithm.swift in Sources */ = {isa = PBXBuildFile; fileRef = 0A465F0526CAF63800E50AA3 /* DerivedAlgorithm.swift */; };
		0A465F0826CB374300E50AA3 /* LoopKit.swift in Sources */ = {isa = PBXBuildFile; fileRef = 0A2F73E32627640400B85EFC /* LoopKit.swift */; };
		0A465F0A26CB381B00E50AA3 /* Timestamp.swift in Sources */ = {isa = PBXBuildFile; fileRef = 0A465F0926CB381B00E50AA3 /* Timestamp.swift */; };
		0A544DC12581A15100DC6DE5 /* LibreKit.h in Headers */ = {isa = PBXBuildFile; fileRef = 0A544DC02581A15100DC6DE5 /* LibreKit.h */; settings = {ATTRIBUTES = (Public, ); }; };
		0A544DCC2581A1B700DC6DE5 /* LibreKitUI.h in Headers */ = {isa = PBXBuildFile; fileRef = 0A544DCA2581A1B700DC6DE5 /* LibreKitUI.h */; settings = {ATTRIBUTES = (Public, ); }; };
		0A544DD82581A48200DC6DE5 /* LibreKit.framework in Frameworks */ = {isa = PBXBuildFile; fileRef = 0A544DB22581A0B300DC6DE5 /* LibreKit.framework */; };
		0A544DE92581A4FD00DC6DE5 /* LibreCGMManager+UI.swift in Sources */ = {isa = PBXBuildFile; fileRef = 0A544DE82581A4FD00DC6DE5 /* LibreCGMManager+UI.swift */; };
		0A544DEB2581A53500DC6DE5 /* LibreKitUI.xcassets in Resources */ = {isa = PBXBuildFile; fileRef = 0A544DEA2581A53500DC6DE5 /* LibreKitUI.xcassets */; };
		0A544DF02581A62300DC6DE5 /* Localizable.strings in Resources */ = {isa = PBXBuildFile; fileRef = 0A544DF22581A62300DC6DE5 /* Localizable.strings */; };
		0A544E852581A7F400DC6DE5 /* LibreCGMManager.swift in Sources */ = {isa = PBXBuildFile; fileRef = 0A544E842581A7F400DC6DE5 /* LibreCGMManager.swift */; };
		0A5DA4CC26306F8400A63D6D /* SensorReading.swift in Sources */ = {isa = PBXBuildFile; fileRef = 0A5DA4CB26306F8400A63D6D /* SensorReading.swift */; };
		0A5DA4D026307EC700A63D6D /* Measurement.swift in Sources */ = {isa = PBXBuildFile; fileRef = 0A5DA4CF26307EC700A63D6D /* Measurement.swift */; };
		0A8F9D0D262C7D970090A476 /* HKUnit.swift in Sources */ = {isa = PBXBuildFile; fileRef = 0A0D6D682602C71A00055C98 /* HKUnit.swift */; };
		0A8F9D19262CC7250090A476 /* CBPeripheral.swift in Sources */ = {isa = PBXBuildFile; fileRef = 0A8F9D18262CC7250090A476 /* CBPeripheral.swift */; };
		0A906E45262F323A002998AF /* SensorEnums.swift in Sources */ = {isa = PBXBuildFile; fileRef = 0A906E44262F323A002998AF /* SensorEnums.swift */; };
		0A906E4D262F7D1B002998AF /* SensorFunctions.swift in Sources */ = {isa = PBXBuildFile; fileRef = 0A906E4C262F7D1B002998AF /* SensorFunctions.swift */; };
		0A94494A26D3D1F00051E8BA /* LoopKit.framework in Frameworks */ = {isa = PBXBuildFile; fileRef = 0A94494926D3D1F00051E8BA /* LoopKit.framework */; };
		0A944EE426D3D4CD0051E8BA /* 1587523526.197431.txt in Resources */ = {isa = PBXBuildFile; fileRef = 0A944A5926D3D4660051E8BA /* 1587523526.197431.txt */; };
		0A9450A526D3D4D20051E8BA /* 1587546625.9357471.txt in Resources */ = {isa = PBXBuildFile; fileRef = 0A944C1A26D3D48D0051E8BA /* 1587546625.9357471.txt */; };
		0A94511B26D3D4D30051E8BA /* 1587538526.0026078.txt in Resources */ = {isa = PBXBuildFile; fileRef = 0A944C9026D3D4A00051E8BA /* 1587538526.0026078.txt */; };
		0A94520F26D3D4D60051E8BA /* 1587513080.0655909.txt in Resources */ = {isa = PBXBuildFile; fileRef = 0A944D8426D3D4BF0051E8BA /* 1587513080.0655909.txt */; };
		0A94523A26D3D4D70051E8BA /* 1587517529.933136.txt in Resources */ = {isa = PBXBuildFile; fileRef = 0A944DAF26D3D4C50051E8BA /* 1587517529.933136.txt */; };
		0AA5CBBB259D6BC9004F93F2 /* LibreKit.framework in Frameworks */ = {isa = PBXBuildFile; fileRef = 0A544DB22581A0B300DC6DE5 /* LibreKit.framework */; };
		0AA5CBBE259D6BCA004F93F2 /* LibreKitUI.framework in Frameworks */ = {isa = PBXBuildFile; fileRef = 0A544DC82581A1B700DC6DE5 /* LibreKitUI.framework */; };
		0AA5D637259D6F59004F93F2 /* carthage.sh in Resources */ = {isa = PBXBuildFile; fileRef = 0AA5D635259D6F59004F93F2 /* carthage.sh */; };
		0AA5D638259D6F59004F93F2 /* copy-frameworks.sh in Resources */ = {isa = PBXBuildFile; fileRef = 0AA5D636259D6F59004F93F2 /* copy-frameworks.sh */; };
		0AA5D689259D7CFD004F93F2 /* OSLog.swift in Sources */ = {isa = PBXBuildFile; fileRef = 0AA5D688259D7CFD004F93F2 /* OSLog.swift */; };
		0AA5D68A259D7CFD004F93F2 /* OSLog.swift in Sources */ = {isa = PBXBuildFile; fileRef = 0AA5D688259D7CFD004F93F2 /* OSLog.swift */; };
		0AA5D68B259D7CFD004F93F2 /* OSLog.swift in Sources */ = {isa = PBXBuildFile; fileRef = 0AA5D688259D7CFD004F93F2 /* OSLog.swift */; };
		0AA75238261CDA8B00720118 /* CBCentralManager.swift in Sources */ = {isa = PBXBuildFile; fileRef = 0AA75237261CDA8B00720118 /* CBCentralManager.swift */; };
		0ACB8B34259FCB9F004547B4 /* UICoordinator.swift in Sources */ = {isa = PBXBuildFile; fileRef = 0ACB8B33259FCB9E004547B4 /* UICoordinator.swift */; };
		0AE99325260F59EA00D06C79 /* TransmitterProvider.swift in Sources */ = {isa = PBXBuildFile; fileRef = 0AE99324260F59EA00D06C79 /* TransmitterProvider.swift */; };
		0AE9932B260F8C1B00D06C79 /* Transmitter+Mock.swift in Sources */ = {isa = PBXBuildFile; fileRef = 0AE9932A260F8C1B00D06C79 /* Transmitter+Mock.swift */; };
		0AF68091258FB1E100097CDC /* Transmitter+MiaoMiao.swift in Sources */ = {isa = PBXBuildFile; fileRef = 0AF68090258FB1E100097CDC /* Transmitter+MiaoMiao.swift */; };
/* End PBXBuildFile section */

/* Begin PBXContainerItemProxy section */
		0A192AE52589756E00598025 /* PBXContainerItemProxy */ = {
			isa = PBXContainerItemProxy;
			containerPortal = 0A544DA92581A0B300DC6DE5 /* Project object */;
			proxyType = 1;
			remoteGlobalIDString = 0A544DB12581A0B300DC6DE5;
			remoteInfo = LibreKit;
		};
		0A27B3C926D3D130009BD4C0 /* PBXContainerItemProxy */ = {
			isa = PBXContainerItemProxy;
			containerPortal = 0A544DA92581A0B300DC6DE5 /* Project object */;
			proxyType = 1;
			remoteGlobalIDString = 0A544DB12581A0B300DC6DE5;
			remoteInfo = LibreKit;
		};
		0A544DDA2581A48200DC6DE5 /* PBXContainerItemProxy */ = {
			isa = PBXContainerItemProxy;
			containerPortal = 0A544DA92581A0B300DC6DE5 /* Project object */;
			proxyType = 1;
			remoteGlobalIDString = 0A544DB12581A0B300DC6DE5;
			remoteInfo = LibreKit;
		};
		0AA5CBB3259D687B004F93F2 /* PBXContainerItemProxy */ = {
			isa = PBXContainerItemProxy;
			containerPortal = 0A544DA92581A0B300DC6DE5 /* Project object */;
			proxyType = 1;
			remoteGlobalIDString = 0A544DC72581A1B700DC6DE5;
			remoteInfo = LibreKitUI;
		};
/* End PBXContainerItemProxy section */

/* Begin PBXFileReference section */
		0A0D6D622602B41E00055C98 /* GlucoseTargetRangeSetting.swift */ = {isa = PBXFileReference; lastKnownFileType = sourcecode.swift; path = GlucoseTargetRangeSetting.swift; sourceTree = "<group>"; };
		0A0D6D682602C71A00055C98 /* HKUnit.swift */ = {isa = PBXFileReference; lastKnownFileType = sourcecode.swift; path = HKUnit.swift; sourceTree = "<group>"; };
		0A146C7325850FAC00CF5F0A /* Framework.swift */ = {isa = PBXFileReference; lastKnownFileType = sourcecode.swift; path = Framework.swift; sourceTree = "<group>"; };
		0A146C7625850FE400CF5F0A /* LocalizedString.swift */ = {isa = PBXFileReference; lastKnownFileType = sourcecode.swift; path = LocalizedString.swift; sourceTree = "<group>"; };
		0A1916832589744100598025 /* LibreKitPlugin.loopplugin */ = {isa = PBXFileReference; explicitFileType = wrapper.framework; includeInIndex = 0; path = LibreKitPlugin.loopplugin; sourceTree = BUILT_PRODUCTS_DIR; };
		0A192AD92589752A00598025 /* LibreKitPlugin.h */ = {isa = PBXFileReference; fileEncoding = 4; lastKnownFileType = sourcecode.c.h; path = LibreKitPlugin.h; sourceTree = "<group>"; };
		0A192ADA2589752A00598025 /* Info.plist */ = {isa = PBXFileReference; fileEncoding = 4; lastKnownFileType = text.plist.xml; path = Info.plist; sourceTree = "<group>"; };
		0A192AF8258975E000598025 /* LibreKitPlugin.swift */ = {isa = PBXFileReference; lastKnownFileType = sourcecode.swift; path = LibreKitPlugin.swift; sourceTree = "<group>"; };
		0A27B3C326D3D130009BD4C0 /* LibreKitTests.xctest */ = {isa = PBXFileReference; explicitFileType = wrapper.cfbundle; includeInIndex = 0; path = LibreKitTests.xctest; sourceTree = BUILT_PRODUCTS_DIR; };
		0A27B3C526D3D130009BD4C0 /* LibreKitTests.swift */ = {isa = PBXFileReference; lastKnownFileType = sourcecode.swift; path = LibreKitTests.swift; sourceTree = "<group>"; };
		0A27B3C726D3D130009BD4C0 /* Info.plist */ = {isa = PBXFileReference; lastKnownFileType = text.plist.xml; path = Info.plist; sourceTree = "<group>"; };
		0A2F443626041C3C007A7857 /* LibreCGMManagerState.swift */ = {isa = PBXFileReference; lastKnownFileType = sourcecode.swift; path = LibreCGMManagerState.swift; sourceTree = "<group>"; };
		0A2F44482604A600007A7857 /* SensorPacket.swift */ = {isa = PBXFileReference; lastKnownFileType = sourcecode.swift; path = SensorPacket.swift; sourceTree = "<group>"; };
		0A2F44502604A9DC007A7857 /* TransmitterState.swift */ = {isa = PBXFileReference; lastKnownFileType = sourcecode.swift; path = TransmitterState.swift; sourceTree = "<group>"; };
		0A2F44542604A9EC007A7857 /* TransmitterManager.swift */ = {isa = PBXFileReference; lastKnownFileType = sourcecode.swift; path = TransmitterManager.swift; sourceTree = "<group>"; };
		0A2F73B7261E7DA400B85EFC /* TransmitterConnectView.swift */ = {isa = PBXFileReference; lastKnownFileType = sourcecode.swift; path = TransmitterConnectView.swift; sourceTree = "<group>"; };
		0A2F73BF261E81CD00B85EFC /* TransmitterConnectModel.swift */ = {isa = PBXFileReference; lastKnownFileType = sourcecode.swift; path = TransmitterConnectModel.swift; sourceTree = "<group>"; };
		0A2F73C326245A4900B85EFC /* ManagerSettingsModel.swift */ = {isa = PBXFileReference; lastKnownFileType = sourcecode.swift; path = ManagerSettingsModel.swift; sourceTree = "<group>"; };
		0A2F73C726245DE300B85EFC /* ManagerSettingsView.swift */ = {isa = PBXFileReference; lastKnownFileType = sourcecode.swift; path = ManagerSettingsView.swift; sourceTree = "<group>"; };
		0A2F73D32624C73F00B85EFC /* GlucoseTargetRangeEditor.swift */ = {isa = PBXFileReference; lastKnownFileType = sourcecode.swift; path = GlucoseTargetRangeEditor.swift; sourceTree = "<group>"; };
		0A2F73E32627640400B85EFC /* LoopKit.swift */ = {isa = PBXFileReference; lastKnownFileType = sourcecode.swift; path = LoopKit.swift; sourceTree = "<group>"; };
		0A407DE525898C2B002B2C9B /* UIImage.swift */ = {isa = PBXFileReference; fileEncoding = 4; lastKnownFileType = sourcecode.swift; path = UIImage.swift; sourceTree = "<group>"; };
		0A465EF326C5CBBB00E50AA3 /* LoopKit.framework */ = {isa = PBXFileReference; explicitFileType = wrapper.framework; path = LoopKit.framework; sourceTree = BUILT_PRODUCTS_DIR; };
		0A465EF726C5CBC100E50AA3 /* LoopKitUI.framework */ = {isa = PBXFileReference; explicitFileType = wrapper.framework; path = LoopKitUI.framework; sourceTree = BUILT_PRODUCTS_DIR; };
		0A465EFA26C5CBC600E50AA3 /* HealthKit.framework */ = {isa = PBXFileReference; lastKnownFileType = wrapper.framework; name = HealthKit.framework; path = Platforms/MacOSX.platform/Developer/SDKs/MacOSX11.3.sdk/System/iOSSupport/System/Library/Frameworks/HealthKit.framework; sourceTree = DEVELOPER_DIR; };
		0A465F0226C9A29E00E50AA3 /* Transmitter+Native.swift */ = {isa = PBXFileReference; lastKnownFileType = sourcecode.swift; path = "Transmitter+Native.swift"; sourceTree = "<group>"; };
		0A465F0526CAF63800E50AA3 /* DerivedAlgorithm.swift */ = {isa = PBXFileReference; lastKnownFileType = sourcecode.swift; path = DerivedAlgorithm.swift; sourceTree = "<group>"; };
		0A465F0926CB381B00E50AA3 /* Timestamp.swift */ = {isa = PBXFileReference; lastKnownFileType = sourcecode.swift; path = Timestamp.swift; sourceTree = "<group>"; };
		0A544DB22581A0B300DC6DE5 /* LibreKit.framework */ = {isa = PBXFileReference; explicitFileType = wrapper.framework; includeInIndex = 0; path = LibreKit.framework; sourceTree = BUILT_PRODUCTS_DIR; };
		0A544DB62581A0B300DC6DE5 /* Info.plist */ = {isa = PBXFileReference; lastKnownFileType = text.plist.xml; path = Info.plist; sourceTree = "<group>"; };
		0A544DC02581A15100DC6DE5 /* LibreKit.h */ = {isa = PBXFileReference; lastKnownFileType = sourcecode.c.h; path = LibreKit.h; sourceTree = "<group>"; };
		0A544DC82581A1B700DC6DE5 /* LibreKitUI.framework */ = {isa = PBXFileReference; explicitFileType = wrapper.framework; includeInIndex = 0; path = LibreKitUI.framework; sourceTree = BUILT_PRODUCTS_DIR; };
		0A544DCA2581A1B700DC6DE5 /* LibreKitUI.h */ = {isa = PBXFileReference; lastKnownFileType = sourcecode.c.h; path = LibreKitUI.h; sourceTree = "<group>"; };
		0A544DCB2581A1B700DC6DE5 /* Info.plist */ = {isa = PBXFileReference; lastKnownFileType = text.plist.xml; path = Info.plist; sourceTree = "<group>"; };
		0A544DE82581A4FD00DC6DE5 /* LibreCGMManager+UI.swift */ = {isa = PBXFileReference; lastKnownFileType = sourcecode.swift; path = "LibreCGMManager+UI.swift"; sourceTree = "<group>"; };
		0A544DEA2581A53500DC6DE5 /* LibreKitUI.xcassets */ = {isa = PBXFileReference; lastKnownFileType = folder.assetcatalog; path = LibreKitUI.xcassets; sourceTree = "<group>"; };
		0A544DF12581A62300DC6DE5 /* en */ = {isa = PBXFileReference; lastKnownFileType = text.plist.strings; name = en; path = en.lproj/Localizable.strings; sourceTree = "<group>"; };
		0A544DF52581A68D00DC6DE5 /* nl */ = {isa = PBXFileReference; lastKnownFileType = text.plist.strings; name = nl; path = nl.lproj/Localizable.strings; sourceTree = "<group>"; };
		0A544E842581A7F400DC6DE5 /* LibreCGMManager.swift */ = {isa = PBXFileReference; lastKnownFileType = sourcecode.swift; path = LibreCGMManager.swift; sourceTree = "<group>"; };
		0A5DA4CB26306F8400A63D6D /* SensorReading.swift */ = {isa = PBXFileReference; lastKnownFileType = sourcecode.swift; path = SensorReading.swift; sourceTree = "<group>"; };
		0A5DA4CF26307EC700A63D6D /* Measurement.swift */ = {isa = PBXFileReference; lastKnownFileType = sourcecode.swift; path = Measurement.swift; sourceTree = "<group>"; };
		0A83367225FEFD6500CA3DCC /* HealthKit.framework */ = {isa = PBXFileReference; lastKnownFileType = wrapper.framework; name = HealthKit.framework; path = Platforms/MacOSX.platform/Developer/SDKs/MacOSX11.1.sdk/System/iOSSupport/System/Library/Frameworks/HealthKit.framework; sourceTree = DEVELOPER_DIR; };
		0A8F9D18262CC7250090A476 /* CBPeripheral.swift */ = {isa = PBXFileReference; lastKnownFileType = sourcecode.swift; path = CBPeripheral.swift; sourceTree = "<group>"; };
		0A906E44262F323A002998AF /* SensorEnums.swift */ = {isa = PBXFileReference; lastKnownFileType = sourcecode.swift; path = SensorEnums.swift; sourceTree = "<group>"; };
		0A906E4C262F7D1B002998AF /* SensorFunctions.swift */ = {isa = PBXFileReference; lastKnownFileType = sourcecode.swift; path = SensorFunctions.swift; sourceTree = "<group>"; };
		0A94494926D3D1F00051E8BA /* LoopKit.framework */ = {isa = PBXFileReference; explicitFileType = wrapper.framework; path = LoopKit.framework; sourceTree = BUILT_PRODUCTS_DIR; };
		0A944A5926D3D4660051E8BA /* 1587523526.197431.txt */ = {isa = PBXFileReference; fileEncoding = 4; lastKnownFileType = text; path = 1587523526.197431.txt; sourceTree = "<group>"; };
		0A944C1A26D3D48D0051E8BA /* 1587546625.9357471.txt */ = {isa = PBXFileReference; fileEncoding = 4; lastKnownFileType = text; path = 1587546625.9357471.txt; sourceTree = "<group>"; };
		0A944C9026D3D4A00051E8BA /* 1587538526.0026078.txt */ = {isa = PBXFileReference; fileEncoding = 4; lastKnownFileType = text; path = 1587538526.0026078.txt; sourceTree = "<group>"; };
		0A944D8426D3D4BF0051E8BA /* 1587513080.0655909.txt */ = {isa = PBXFileReference; fileEncoding = 4; lastKnownFileType = text; path = 1587513080.0655909.txt; sourceTree = "<group>"; };
		0A944DAF26D3D4C50051E8BA /* 1587517529.933136.txt */ = {isa = PBXFileReference; fileEncoding = 4; lastKnownFileType = text; path = 1587517529.933136.txt; sourceTree = "<group>"; };
		0AA5D635259D6F59004F93F2 /* carthage.sh */ = {isa = PBXFileReference; fileEncoding = 4; lastKnownFileType = text.script.sh; path = carthage.sh; sourceTree = "<group>"; };
		0AA5D636259D6F59004F93F2 /* copy-frameworks.sh */ = {isa = PBXFileReference; fileEncoding = 4; lastKnownFileType = text.script.sh; path = "copy-frameworks.sh"; sourceTree = "<group>"; };
		0AA5D688259D7CFD004F93F2 /* OSLog.swift */ = {isa = PBXFileReference; fileEncoding = 4; lastKnownFileType = sourcecode.swift; path = OSLog.swift; sourceTree = "<group>"; };
		0AA6B91D260151BD0073695B /* LoopKit.framework */ = {isa = PBXFileReference; explicitFileType = wrapper.framework; path = LoopKit.framework; sourceTree = BUILT_PRODUCTS_DIR; };
		0AA6B920260151C20073695B /* LoopKitUI.framework */ = {isa = PBXFileReference; explicitFileType = wrapper.framework; path = LoopKitUI.framework; sourceTree = BUILT_PRODUCTS_DIR; };
		0AA75237261CDA8B00720118 /* CBCentralManager.swift */ = {isa = PBXFileReference; lastKnownFileType = sourcecode.swift; path = CBCentralManager.swift; sourceTree = "<group>"; };
		0ACB8B33259FCB9E004547B4 /* UICoordinator.swift */ = {isa = PBXFileReference; lastKnownFileType = sourcecode.swift; path = UICoordinator.swift; sourceTree = "<group>"; };
		0AE99324260F59EA00D06C79 /* TransmitterProvider.swift */ = {isa = PBXFileReference; lastKnownFileType = sourcecode.swift; path = TransmitterProvider.swift; sourceTree = "<group>"; };
		0AE9932A260F8C1B00D06C79 /* Transmitter+Mock.swift */ = {isa = PBXFileReference; lastKnownFileType = sourcecode.swift; path = "Transmitter+Mock.swift"; sourceTree = "<group>"; };
		0AF68090258FB1E100097CDC /* Transmitter+MiaoMiao.swift */ = {isa = PBXFileReference; lastKnownFileType = sourcecode.swift; path = "Transmitter+MiaoMiao.swift"; sourceTree = "<group>"; };
/* End PBXFileReference section */

/* Begin PBXFrameworksBuildPhase section */
		0A1916802589744100598025 /* Frameworks */ = {
			isa = PBXFrameworksBuildPhase;
			buildActionMask = 2147483647;
			files = (
				0AA5CBBE259D6BCA004F93F2 /* LibreKitUI.framework in Frameworks */,
				0AA5CBBB259D6BC9004F93F2 /* LibreKit.framework in Frameworks */,
			);
			runOnlyForDeploymentPostprocessing = 0;
		};
		0A27B3C026D3D130009BD4C0 /* Frameworks */ = {
			isa = PBXFrameworksBuildPhase;
			buildActionMask = 2147483647;
			files = (
				0A27B3C826D3D130009BD4C0 /* LibreKit.framework in Frameworks */,
				0A94494A26D3D1F00051E8BA /* LoopKit.framework in Frameworks */,
			);
			runOnlyForDeploymentPostprocessing = 0;
		};
		0A544DAF2581A0B300DC6DE5 /* Frameworks */ = {
			isa = PBXFrameworksBuildPhase;
			buildActionMask = 2147483647;
			files = (
				0A465EFB26C5CBC600E50AA3 /* HealthKit.framework in Frameworks */,
				0A465EF426C5CBBB00E50AA3 /* LoopKit.framework in Frameworks */,
				0A465EF826C5CBC100E50AA3 /* LoopKitUI.framework in Frameworks */,
			);
			runOnlyForDeploymentPostprocessing = 0;
		};
		0A544DC52581A1B700DC6DE5 /* Frameworks */ = {
			isa = PBXFrameworksBuildPhase;
			buildActionMask = 2147483647;
			files = (
				0A544DD82581A48200DC6DE5 /* LibreKit.framework in Frameworks */,
			);
			runOnlyForDeploymentPostprocessing = 0;
		};
/* End PBXFrameworksBuildPhase section */

/* Begin PBXGroup section */
		0A192AD82589752A00598025 /* LibreKitPlugin */ = {
			isa = PBXGroup;
			children = (
				0A192AD92589752A00598025 /* LibreKitPlugin.h */,
				0A192AF8258975E000598025 /* LibreKitPlugin.swift */,
				0A192ADA2589752A00598025 /* Info.plist */,
			);
			path = LibreKitPlugin;
			sourceTree = "<group>";
		};
		0A27B3C426D3D130009BD4C0 /* LibreKitTests */ = {
			isa = PBXGroup;
			children = (
				0A94494B26D3D4200051E8BA /* RawData */,
				0A27B3C526D3D130009BD4C0 /* LibreKitTests.swift */,
				0A27B3C726D3D130009BD4C0 /* Info.plist */,
			);
			path = LibreKitTests;
			sourceTree = "<group>";
		};
		0A2F443326041B89007A7857 /* CGMManager */ = {
			isa = PBXGroup;
			children = (
				0A544E842581A7F400DC6DE5 /* LibreCGMManager.swift */,
				0A2F443626041C3C007A7857 /* LibreCGMManagerState.swift */,
			);
			path = CGMManager;
			sourceTree = "<group>";
		};
		0A2F443426041BAF007A7857 /* Transmitters */ = {
			isa = PBXGroup;
			children = (
				0A2F44542604A9EC007A7857 /* TransmitterManager.swift */,
				0A2F44502604A9DC007A7857 /* TransmitterState.swift */,
				0AE99324260F59EA00D06C79 /* TransmitterProvider.swift */,
				0AE9932A260F8C1B00D06C79 /* Transmitter+Mock.swift */,
				0AF68090258FB1E100097CDC /* Transmitter+MiaoMiao.swift */,
				0A465F0226C9A29E00E50AA3 /* Transmitter+Native.swift */,
			);
			path = Transmitters;
			sourceTree = "<group>";
		};
		0A2F443526041BBA007A7857 /* Measurement */ = {
			isa = PBXGroup;
			children = (
				0A5DA4CF26307EC700A63D6D /* Measurement.swift */,
				0A465F0526CAF63800E50AA3 /* DerivedAlgorithm.swift */,
				0A5DA4CB26306F8400A63D6D /* SensorReading.swift */,
				0A2F44482604A600007A7857 /* SensorPacket.swift */,
				0A906E4C262F7D1B002998AF /* SensorFunctions.swift */,
				0A906E44262F323A002998AF /* SensorEnums.swift */,
			);
			path = Measurement;
			sourceTree = "<group>";
		};
		0A407D9325898A3D002B2C9B /* Views */ = {
			isa = PBXGroup;
			children = (
				0ACB8B33259FCB9E004547B4 /* UICoordinator.swift */,
				0A0D6D622602B41E00055C98 /* GlucoseTargetRangeSetting.swift */,
				0A2F73D32624C73F00B85EFC /* GlucoseTargetRangeEditor.swift */,
				0A2F73B7261E7DA400B85EFC /* TransmitterConnectView.swift */,
				0A2F73C726245DE300B85EFC /* ManagerSettingsView.swift */,
			);
			path = Views;
			sourceTree = "<group>";
		};
		0A407D9425898A42002B2C9B /* View Models */ = {
			isa = PBXGroup;
			children = (
				0A2F73BF261E81CD00B85EFC /* TransmitterConnectModel.swift */,
				0A2F73C326245A4900B85EFC /* ManagerSettingsModel.swift */,
			);
			path = "View Models";
			sourceTree = "<group>";
		};
		0A544DA82581A0B300DC6DE5 = {
			isa = PBXGroup;
			children = (
				0A544DD22581A22100DC6DE5 /* Common */,
				0A544DB42581A0B300DC6DE5 /* LibreKit */,
				0A544DC92581A1B700DC6DE5 /* LibreKitUI */,
				0A192AD82589752A00598025 /* LibreKitPlugin */,
				0A27B3C426D3D130009BD4C0 /* LibreKitTests */,
				0A544DB32581A0B300DC6DE5 /* Products */,
				0A544DD52581A47000DC6DE5 /* Frameworks */,
				0AA5D634259D6F59004F93F2 /* Scripts */,
			);
			sourceTree = "<group>";
		};
		0A544DB32581A0B300DC6DE5 /* Products */ = {
			isa = PBXGroup;
			children = (
				0A544DB22581A0B300DC6DE5 /* LibreKit.framework */,
				0A544DC82581A1B700DC6DE5 /* LibreKitUI.framework */,
				0A1916832589744100598025 /* LibreKitPlugin.loopplugin */,
				0A27B3C326D3D130009BD4C0 /* LibreKitTests.xctest */,
			);
			name = Products;
			sourceTree = "<group>";
		};
		0A544DB42581A0B300DC6DE5 /* LibreKit */ = {
			isa = PBXGroup;
			children = (
				0A2F443426041BAF007A7857 /* Transmitters */,
				0A2F443526041BBA007A7857 /* Measurement */,
				0A2F443326041B89007A7857 /* CGMManager */,
				0A544DC02581A15100DC6DE5 /* LibreKit.h */,
				0A544DB62581A0B300DC6DE5 /* Info.plist */,
			);
			path = LibreKit;
			sourceTree = "<group>";
		};
		0A544DC92581A1B700DC6DE5 /* LibreKitUI */ = {
			isa = PBXGroup;
			children = (
				0AA75288261CE01100720118 /* CGMManager */,
				0A407D9425898A42002B2C9B /* View Models */,
				0A407D9325898A3D002B2C9B /* Views */,
				0A544DCA2581A1B700DC6DE5 /* LibreKitUI.h */,
				0A544DEA2581A53500DC6DE5 /* LibreKitUI.xcassets */,
				0A544DF22581A62300DC6DE5 /* Localizable.strings */,
				0A544DCB2581A1B700DC6DE5 /* Info.plist */,
			);
			path = LibreKitUI;
			sourceTree = "<group>";
		};
		0A544DD22581A22100DC6DE5 /* Common */ = {
			isa = PBXGroup;
			children = (
				0AA5D688259D7CFD004F93F2 /* OSLog.swift */,
				0A0D6D682602C71A00055C98 /* HKUnit.swift */,
				0A465F0926CB381B00E50AA3 /* Timestamp.swift */,
				0A2F73E32627640400B85EFC /* LoopKit.swift */,
				0AA75237261CDA8B00720118 /* CBCentralManager.swift */,
				0A146C7325850FAC00CF5F0A /* Framework.swift */,
				0A8F9D18262CC7250090A476 /* CBPeripheral.swift */,
				0A146C7625850FE400CF5F0A /* LocalizedString.swift */,
				0A407DE525898C2B002B2C9B /* UIImage.swift */,
			);
			path = Common;
			sourceTree = "<group>";
		};
		0A544DD52581A47000DC6DE5 /* Frameworks */ = {
			isa = PBXGroup;
			children = (
				0A94494926D3D1F00051E8BA /* LoopKit.framework */,
				0A465EFA26C5CBC600E50AA3 /* HealthKit.framework */,
				0A465EF726C5CBC100E50AA3 /* LoopKitUI.framework */,
				0A465EF326C5CBBB00E50AA3 /* LoopKit.framework */,
				0AA6B920260151C20073695B /* LoopKitUI.framework */,
				0AA6B91D260151BD0073695B /* LoopKit.framework */,
				0A83367225FEFD6500CA3DCC /* HealthKit.framework */,
			);
			name = Frameworks;
			sourceTree = "<group>";
		};
		0A94494B26D3D4200051E8BA /* RawData */ = {
			isa = PBXGroup;
			children = (
				0A944D8426D3D4BF0051E8BA /* 1587513080.0655909.txt */,
				0A944DAF26D3D4C50051E8BA /* 1587517529.933136.txt */,
				0A944A5926D3D4660051E8BA /* 1587523526.197431.txt */,
				0A944C9026D3D4A00051E8BA /* 1587538526.0026078.txt */,
				0A944C1A26D3D48D0051E8BA /* 1587546625.9357471.txt */,
			);
			path = RawData;
			sourceTree = "<group>";
		};
		0AA5D634259D6F59004F93F2 /* Scripts */ = {
			isa = PBXGroup;
			children = (
				0AA5D635259D6F59004F93F2 /* carthage.sh */,
				0AA5D636259D6F59004F93F2 /* copy-frameworks.sh */,
			);
			path = Scripts;
			sourceTree = "<group>";
		};
		0AA75288261CE01100720118 /* CGMManager */ = {
			isa = PBXGroup;
			children = (
				0A544DE82581A4FD00DC6DE5 /* LibreCGMManager+UI.swift */,
			);
			path = CGMManager;
			sourceTree = "<group>";
		};
/* End PBXGroup section */

/* Begin PBXHeadersBuildPhase section */
		0A19167E2589744100598025 /* Headers */ = {
			isa = PBXHeadersBuildPhase;
			buildActionMask = 2147483647;
			files = (
				0A192ADB2589752A00598025 /* LibreKitPlugin.h in Headers */,
			);
			runOnlyForDeploymentPostprocessing = 0;
		};
		0A544DAD2581A0B300DC6DE5 /* Headers */ = {
			isa = PBXHeadersBuildPhase;
			buildActionMask = 2147483647;
			files = (
				0A544DC12581A15100DC6DE5 /* LibreKit.h in Headers */,
			);
			runOnlyForDeploymentPostprocessing = 0;
		};
		0A544DC32581A1B700DC6DE5 /* Headers */ = {
			isa = PBXHeadersBuildPhase;
			buildActionMask = 2147483647;
			files = (
				0A544DCC2581A1B700DC6DE5 /* LibreKitUI.h in Headers */,
			);
			runOnlyForDeploymentPostprocessing = 0;
		};
/* End PBXHeadersBuildPhase section */

/* Begin PBXNativeTarget section */
		0A1916822589744100598025 /* LibreKitPlugin */ = {
			isa = PBXNativeTarget;
			buildConfigurationList = 0A1916882589744100598025 /* Build configuration list for PBXNativeTarget "LibreKitPlugin" */;
			buildPhases = (
				0A19167E2589744100598025 /* Headers */,
				0A19167F2589744100598025 /* Sources */,
				0A1916802589744100598025 /* Frameworks */,
				0A1916812589744100598025 /* Resources */,
				0AA5CBCD259D6D34004F93F2 /* Copy Frameworks with Carthage */,
			);
			buildRules = (
			);
			dependencies = (
				0AA5CBB4259D687B004F93F2 /* PBXTargetDependency */,
				0A192AE62589756E00598025 /* PBXTargetDependency */,
			);
			name = LibreKitPlugin;
			productName = LibreKitPlugin;
			productReference = 0A1916832589744100598025 /* LibreKitPlugin.loopplugin */;
			productType = "com.apple.product-type.framework";
		};
		0A27B3C226D3D130009BD4C0 /* LibreKitTests */ = {
			isa = PBXNativeTarget;
			buildConfigurationList = 0A27B3CB26D3D130009BD4C0 /* Build configuration list for PBXNativeTarget "LibreKitTests" */;
			buildPhases = (
				0A27B3BF26D3D130009BD4C0 /* Sources */,
				0A27B3C026D3D130009BD4C0 /* Frameworks */,
				0A27B3C126D3D130009BD4C0 /* Resources */,
			);
			buildRules = (
			);
			dependencies = (
				0A27B3CA26D3D130009BD4C0 /* PBXTargetDependency */,
			);
			name = LibreKitTests;
			productName = LibreKitTests;
			productReference = 0A27B3C326D3D130009BD4C0 /* LibreKitTests.xctest */;
			productType = "com.apple.product-type.bundle.unit-test";
		};
		0A544DB12581A0B300DC6DE5 /* LibreKit */ = {
			isa = PBXNativeTarget;
			buildConfigurationList = 0A544DBA2581A0B300DC6DE5 /* Build configuration list for PBXNativeTarget "LibreKit" */;
			buildPhases = (
				0A544DAD2581A0B300DC6DE5 /* Headers */,
				0A544DAE2581A0B300DC6DE5 /* Sources */,
				0A544DAF2581A0B300DC6DE5 /* Frameworks */,
				0A544DB02581A0B300DC6DE5 /* Resources */,
			);
			buildRules = (
			);
			dependencies = (
			);
			name = LibreKit;
			productName = LibreKit;
			productReference = 0A544DB22581A0B300DC6DE5 /* LibreKit.framework */;
			productType = "com.apple.product-type.framework";
		};
		0A544DC72581A1B700DC6DE5 /* LibreKitUI */ = {
			isa = PBXNativeTarget;
			buildConfigurationList = 0A544DCD2581A1B700DC6DE5 /* Build configuration list for PBXNativeTarget "LibreKitUI" */;
			buildPhases = (
				0A544DC32581A1B700DC6DE5 /* Headers */,
				0A544DC42581A1B700DC6DE5 /* Sources */,
				0A544DC52581A1B700DC6DE5 /* Frameworks */,
				0A544DC62581A1B700DC6DE5 /* Resources */,
			);
			buildRules = (
			);
			dependencies = (
				0A544DDB2581A48200DC6DE5 /* PBXTargetDependency */,
			);
			name = LibreKitUI;
			productName = LibreKitUI;
			productReference = 0A544DC82581A1B700DC6DE5 /* LibreKitUI.framework */;
			productType = "com.apple.product-type.framework";
		};
/* End PBXNativeTarget section */

/* Begin PBXProject section */
		0A544DA92581A0B300DC6DE5 /* Project object */ = {
			isa = PBXProject;
			attributes = {
				LastSwiftUpdateCheck = 1250;
				LastUpgradeCheck = 1220;
				ORGANIZATIONNAME = "Julian Groen";
				TargetAttributes = {
					0A1916822589744100598025 = {
						CreatedOnToolsVersion = 12.3;
						LastSwiftMigration = 1230;
					};
					0A27B3C226D3D130009BD4C0 = {
						CreatedOnToolsVersion = 12.5.1;
					};
					0A544DB12581A0B300DC6DE5 = {
						CreatedOnToolsVersion = 12.2;
						LastSwiftMigration = 1220;
					};
					0A544DC72581A1B700DC6DE5 = {
						CreatedOnToolsVersion = 12.2;
						LastSwiftMigration = 1220;
					};
				};
			};
			buildConfigurationList = 0A544DAC2581A0B300DC6DE5 /* Build configuration list for PBXProject "LibreKit" */;
			compatibilityVersion = "Xcode 9.3";
			developmentRegion = en;
			hasScannedForEncodings = 0;
			knownRegions = (
				en,
				Base,
				nl,
				de,
				"zh-Hans",
				ja,
				nb,
				es,
				da,
				it,
				sv,
				pl,
				"pt-BR",
				vi,
				ru,
				fr,
				fi,
				ro,
			);
			mainGroup = 0A544DA82581A0B300DC6DE5;
			productRefGroup = 0A544DB32581A0B300DC6DE5 /* Products */;
			projectDirPath = "";
			projectRoot = "";
			targets = (
				0A544DB12581A0B300DC6DE5 /* LibreKit */,
				0A544DC72581A1B700DC6DE5 /* LibreKitUI */,
				0A1916822589744100598025 /* LibreKitPlugin */,
				0A27B3C226D3D130009BD4C0 /* LibreKitTests */,
			);
		};
/* End PBXProject section */

/* Begin PBXResourcesBuildPhase section */
		0A1916812589744100598025 /* Resources */ = {
			isa = PBXResourcesBuildPhase;
			buildActionMask = 2147483647;
			files = (
			);
			runOnlyForDeploymentPostprocessing = 0;
		};
		0A27B3C126D3D130009BD4C0 /* Resources */ = {
			isa = PBXResourcesBuildPhase;
			buildActionMask = 2147483647;
			files = (
				0A94511B26D3D4D30051E8BA /* 1587538526.0026078.txt in Resources */,
				0A94523A26D3D4D70051E8BA /* 1587517529.933136.txt in Resources */,
				0A9450A526D3D4D20051E8BA /* 1587546625.9357471.txt in Resources */,
				0A94520F26D3D4D60051E8BA /* 1587513080.0655909.txt in Resources */,
				0A944EE426D3D4CD0051E8BA /* 1587523526.197431.txt in Resources */,
			);
			runOnlyForDeploymentPostprocessing = 0;
		};
		0A544DB02581A0B300DC6DE5 /* Resources */ = {
			isa = PBXResourcesBuildPhase;
			buildActionMask = 2147483647;
			files = (
				0AA5D638259D6F59004F93F2 /* copy-frameworks.sh in Resources */,
				0AA5D637259D6F59004F93F2 /* carthage.sh in Resources */,
			);
			runOnlyForDeploymentPostprocessing = 0;
		};
		0A544DC62581A1B700DC6DE5 /* Resources */ = {
			isa = PBXResourcesBuildPhase;
			buildActionMask = 2147483647;
			files = (
				0A544DEB2581A53500DC6DE5 /* LibreKitUI.xcassets in Resources */,
				0A544DF02581A62300DC6DE5 /* Localizable.strings in Resources */,
			);
			runOnlyForDeploymentPostprocessing = 0;
		};
/* End PBXResourcesBuildPhase section */

/* Begin PBXShellScriptBuildPhase section */
		0AA5CBCD259D6D34004F93F2 /* Copy Frameworks with Carthage */ = {
			isa = PBXShellScriptBuildPhase;
			buildActionMask = 2147483647;
			files = (
			);
			inputFileListPaths = (
			);
			inputPaths = (
				"$(BUILT_PRODUCTS_DIR)/LibreKit.framework",
				"$(BUILT_PRODUCTS_DIR)/LibreKitUI.framework",
				"$(BUILT_PRODUCTS_DIR)/LoopKit.framework",
				"$(BUILT_PRODUCTS_DIR)/LoopKitUI.framework",
			);
			name = "Copy Frameworks with Carthage";
			outputFileListPaths = (
			);
			outputPaths = (
			);
			runOnlyForDeploymentPostprocessing = 0;
			shellPath = /bin/sh;
			shellScript = "\"${SRCROOT}/Scripts/copy-frameworks.sh\"\n";
		};
/* End PBXShellScriptBuildPhase section */

/* Begin PBXSourcesBuildPhase section */
		0A19167F2589744100598025 /* Sources */ = {
			isa = PBXSourcesBuildPhase;
			buildActionMask = 2147483647;
			files = (
				0AA5D68B259D7CFD004F93F2 /* OSLog.swift in Sources */,
				0A192AF9258975E000598025 /* LibreKitPlugin.swift in Sources */,
			);
			runOnlyForDeploymentPostprocessing = 0;
		};
		0A27B3BF26D3D130009BD4C0 /* Sources */ = {
			isa = PBXSourcesBuildPhase;
			buildActionMask = 2147483647;
			files = (
				0A17891F26D3DB290086D245 /* 1587517529.933136.txt in Sources */,
				0A17892026D3DB290086D245 /* 1587523526.197431.txt in Sources */,
				0A17892126D3DB290086D245 /* 1587538526.0026078.txt in Sources */,
				0A17892226D3DB290086D245 /* 1587546625.9357471.txt in Sources */,
				0A17891E26D3DAD30086D245 /* 1587513080.0655909.txt in Sources */,
				0A27B3C626D3D130009BD4C0 /* LibreKitTests.swift in Sources */,
			);
			runOnlyForDeploymentPostprocessing = 0;
		};
		0A544DAE2581A0B300DC6DE5 /* Sources */ = {
			isa = PBXSourcesBuildPhase;
			buildActionMask = 2147483647;
			files = (
				0A465F0826CB374300E50AA3 /* LoopKit.swift in Sources */,
				0A8F9D0D262C7D970090A476 /* HKUnit.swift in Sources */,
				0A465F0626CAF63800E50AA3 /* DerivedAlgorithm.swift in Sources */,
				0AA75238261CDA8B00720118 /* CBCentralManager.swift in Sources */,
				0A8F9D19262CC7250090A476 /* CBPeripheral.swift in Sources */,
				0A906E4D262F7D1B002998AF /* SensorFunctions.swift in Sources */,
				0A146C782585104800CF5F0A /* Framework.swift in Sources */,
				0AF68091258FB1E100097CDC /* Transmitter+MiaoMiao.swift in Sources */,
				0AA5D689259D7CFD004F93F2 /* OSLog.swift in Sources */,
				0A465F0326C9A29E00E50AA3 /* Transmitter+Native.swift in Sources */,
				0A146C792585104800CF5F0A /* LocalizedString.swift in Sources */,
				0A544E852581A7F400DC6DE5 /* LibreCGMManager.swift in Sources */,
				0A2F44492604A600007A7857 /* SensorPacket.swift in Sources */,
				0A2F44552604A9EC007A7857 /* TransmitterManager.swift in Sources */,
				0A465F0A26CB381B00E50AA3 /* Timestamp.swift in Sources */,
				0A2F443726041C3C007A7857 /* LibreCGMManagerState.swift in Sources */,
				0AE99325260F59EA00D06C79 /* TransmitterProvider.swift in Sources */,
				0A5DA4CC26306F8400A63D6D /* SensorReading.swift in Sources */,
				0A5DA4D026307EC700A63D6D /* Measurement.swift in Sources */,
				0A906E45262F323A002998AF /* SensorEnums.swift in Sources */,
				0AE9932B260F8C1B00D06C79 /* Transmitter+Mock.swift in Sources */,
				0A2F44512604A9DC007A7857 /* TransmitterState.swift in Sources */,
			);
			runOnlyForDeploymentPostprocessing = 0;
		};
		0A544DC42581A1B700DC6DE5 /* Sources */ = {
			isa = PBXSourcesBuildPhase;
			buildActionMask = 2147483647;
			files = (
				0A2F73E92627650700B85EFC /* LoopKit.swift in Sources */,
				0A146C7525850FD200CF5F0A /* Framework.swift in Sources */,
				0A407DE625898C2B002B2C9B /* UIImage.swift in Sources */,
				0A2F73B8261E7DA400B85EFC /* TransmitterConnectView.swift in Sources */,
				0A544DE92581A4FD00DC6DE5 /* LibreCGMManager+UI.swift in Sources */,
				0A2F73D42624C73F00B85EFC /* GlucoseTargetRangeEditor.swift in Sources */,
				0A0D6D692602C71A00055C98 /* HKUnit.swift in Sources */,
				0A2F73C0261E81CD00B85EFC /* TransmitterConnectModel.swift in Sources */,
				0A146C7725850FE400CF5F0A /* LocalizedString.swift in Sources */,
				0A0D6D632602B41E00055C98 /* GlucoseTargetRangeSetting.swift in Sources */,
				0ACB8B34259FCB9F004547B4 /* UICoordinator.swift in Sources */,
				0AA5D68A259D7CFD004F93F2 /* OSLog.swift in Sources */,
				0A2F73C426245A4900B85EFC /* ManagerSettingsModel.swift in Sources */,
				0A2F73C826245DE300B85EFC /* ManagerSettingsView.swift in Sources */,
			);
			runOnlyForDeploymentPostprocessing = 0;
		};
/* End PBXSourcesBuildPhase section */

/* Begin PBXTargetDependency section */
		0A192AE62589756E00598025 /* PBXTargetDependency */ = {
			isa = PBXTargetDependency;
			target = 0A544DB12581A0B300DC6DE5 /* LibreKit */;
			targetProxy = 0A192AE52589756E00598025 /* PBXContainerItemProxy */;
		};
		0A27B3CA26D3D130009BD4C0 /* PBXTargetDependency */ = {
			isa = PBXTargetDependency;
			target = 0A544DB12581A0B300DC6DE5 /* LibreKit */;
			targetProxy = 0A27B3C926D3D130009BD4C0 /* PBXContainerItemProxy */;
		};
		0A544DDB2581A48200DC6DE5 /* PBXTargetDependency */ = {
			isa = PBXTargetDependency;
			target = 0A544DB12581A0B300DC6DE5 /* LibreKit */;
			targetProxy = 0A544DDA2581A48200DC6DE5 /* PBXContainerItemProxy */;
		};
		0AA5CBB4259D687B004F93F2 /* PBXTargetDependency */ = {
			isa = PBXTargetDependency;
			target = 0A544DC72581A1B700DC6DE5 /* LibreKitUI */;
			targetProxy = 0AA5CBB3259D687B004F93F2 /* PBXContainerItemProxy */;
		};
/* End PBXTargetDependency section */

/* Begin PBXVariantGroup section */
		0A544DF22581A62300DC6DE5 /* Localizable.strings */ = {
			isa = PBXVariantGroup;
			children = (
				0A544DF12581A62300DC6DE5 /* en */,
				0A544DF52581A68D00DC6DE5 /* nl */,
			);
			name = Localizable.strings;
			sourceTree = "<group>";
		};
/* End PBXVariantGroup section */

/* Begin XCBuildConfiguration section */
		0A1916892589744100598025 /* Debug */ = {
			isa = XCBuildConfiguration;
			buildSettings = {
				CLANG_ENABLE_MODULES = YES;
				CLANG_WARN_QUOTED_INCLUDE_IN_FRAMEWORK_HEADER = NO;
				CODE_SIGN_IDENTITY = "iPhone Developer";
				CODE_SIGN_STYLE = Automatic;
				DEFINES_MODULE = NO;
				DYLIB_COMPATIBILITY_VERSION = 1;
				DYLIB_CURRENT_VERSION = 1;
				DYLIB_INSTALL_NAME_BASE = "";
				FRAMEWORK_SEARCH_PATHS = (
					"$(inherited)",
					"$(PROJECT_DIR)/Carthage/Build/iOS",
				);
				INFOPLIST_FILE = LibreKitPlugin/Info.plist;
				INSTALL_PATH = "$(LOCAL_LIBRARY_DIR)/Frameworks";
				IPHONEOS_DEPLOYMENT_TARGET = 14.1;
				LD_DYLIB_INSTALL_NAME = "";
				LD_RUNPATH_SEARCH_PATHS = (
					"$(inherited)",
					"@executable_path/Frameworks",
					"@loader_path/Frameworks",
				);
				PRODUCT_BUNDLE_IDENTIFIER = com.juliangroen.LibreKitPlugin;
				PRODUCT_NAME = "$(TARGET_NAME:c99extidentifier)";
				SKIP_INSTALL = YES;
				STRIP_STYLE = "non-global";
				SUPPORTS_MACCATALYST = YES;
				SWIFT_OPTIMIZATION_LEVEL = "-Onone";
				SWIFT_VERSION = 5.0;
				TARGETED_DEVICE_FAMILY = 1;
				WRAPPER_EXTENSION = loopplugin;
			};
			name = Debug;
		};
		0A19168A2589744100598025 /* Release */ = {
			isa = XCBuildConfiguration;
			buildSettings = {
				CLANG_ENABLE_MODULES = YES;
				CLANG_WARN_QUOTED_INCLUDE_IN_FRAMEWORK_HEADER = NO;
				CODE_SIGN_IDENTITY = "iPhone Developer";
				CODE_SIGN_STYLE = Automatic;
				DEFINES_MODULE = NO;
				DYLIB_COMPATIBILITY_VERSION = 1;
				DYLIB_CURRENT_VERSION = 1;
				DYLIB_INSTALL_NAME_BASE = "";
				FRAMEWORK_SEARCH_PATHS = (
					"$(inherited)",
					"$(PROJECT_DIR)/Carthage/Build/iOS",
				);
				INFOPLIST_FILE = LibreKitPlugin/Info.plist;
				INSTALL_PATH = "$(LOCAL_LIBRARY_DIR)/Frameworks";
				IPHONEOS_DEPLOYMENT_TARGET = 14.1;
				LD_DYLIB_INSTALL_NAME = "";
				LD_RUNPATH_SEARCH_PATHS = (
					"$(inherited)",
					"@executable_path/Frameworks",
					"@loader_path/Frameworks",
				);
				PRODUCT_BUNDLE_IDENTIFIER = com.juliangroen.LibreKitPlugin;
				PRODUCT_NAME = "$(TARGET_NAME:c99extidentifier)";
				SKIP_INSTALL = YES;
				STRIP_STYLE = "non-global";
				SUPPORTS_MACCATALYST = YES;
				SWIFT_VERSION = 5.0;
				TARGETED_DEVICE_FAMILY = 1;
				WRAPPER_EXTENSION = loopplugin;
			};
			name = Release;
		};
		0A27B3CC26D3D130009BD4C0 /* Debug */ = {
			isa = XCBuildConfiguration;
			buildSettings = {
				CODE_SIGN_STYLE = Automatic;
				DEVELOPMENT_TEAM = 2KC48ABXJN;
				INFOPLIST_FILE = LibreKitTests/Info.plist;
				IPHONEOS_DEPLOYMENT_TARGET = 14.5;
				LD_RUNPATH_SEARCH_PATHS = (
					"$(inherited)",
					"@executable_path/Frameworks",
					"@loader_path/Frameworks",
				);
				PRODUCT_BUNDLE_IDENTIFIER = com.juliangroen.LibreKitTests;
				PRODUCT_NAME = "$(TARGET_NAME)";
				SWIFT_VERSION = 5.0;
				TARGETED_DEVICE_FAMILY = "1,2";
			};
			name = Debug;
		};
		0A27B3CD26D3D130009BD4C0 /* Release */ = {
			isa = XCBuildConfiguration;
			buildSettings = {
				CODE_SIGN_STYLE = Automatic;
				DEVELOPMENT_TEAM = 2KC48ABXJN;
				INFOPLIST_FILE = LibreKitTests/Info.plist;
				IPHONEOS_DEPLOYMENT_TARGET = 14.5;
				LD_RUNPATH_SEARCH_PATHS = (
					"$(inherited)",
					"@executable_path/Frameworks",
					"@loader_path/Frameworks",
				);
				PRODUCT_BUNDLE_IDENTIFIER = com.juliangroen.LibreKitTests;
				PRODUCT_NAME = "$(TARGET_NAME)";
				SWIFT_VERSION = 5.0;
				TARGETED_DEVICE_FAMILY = "1,2";
			};
			name = Release;
		};
		0A544DB82581A0B300DC6DE5 /* Debug */ = {
			isa = XCBuildConfiguration;
			buildSettings = {
				ALWAYS_SEARCH_USER_PATHS = NO;
				CLANG_ANALYZER_LOCALIZABILITY_NONLOCALIZED = YES;
				CLANG_ANALYZER_NONNULL = YES;
				CLANG_ANALYZER_NUMBER_OBJECT_CONVERSION = YES_AGGRESSIVE;
				CLANG_CXX_LANGUAGE_STANDARD = "gnu++14";
				CLANG_CXX_LIBRARY = "libc++";
				CLANG_ENABLE_MODULES = YES;
				CLANG_ENABLE_OBJC_ARC = YES;
				CLANG_ENABLE_OBJC_WEAK = YES;
				CLANG_WARN_BLOCK_CAPTURE_AUTORELEASING = YES;
				CLANG_WARN_BOOL_CONVERSION = YES;
				CLANG_WARN_COMMA = YES;
				CLANG_WARN_CONSTANT_CONVERSION = YES;
				CLANG_WARN_DEPRECATED_OBJC_IMPLEMENTATIONS = YES;
				CLANG_WARN_DIRECT_OBJC_ISA_USAGE = YES_ERROR;
				CLANG_WARN_DOCUMENTATION_COMMENTS = YES;
				CLANG_WARN_EMPTY_BODY = YES;
				CLANG_WARN_ENUM_CONVERSION = YES;
				CLANG_WARN_INFINITE_RECURSION = YES;
				CLANG_WARN_INT_CONVERSION = YES;
				CLANG_WARN_NON_LITERAL_NULL_CONVERSION = YES;
				CLANG_WARN_OBJC_IMPLICIT_RETAIN_SELF = YES;
				CLANG_WARN_OBJC_LITERAL_CONVERSION = YES;
				CLANG_WARN_OBJC_ROOT_CLASS = YES_ERROR;
				CLANG_WARN_QUOTED_INCLUDE_IN_FRAMEWORK_HEADER = YES;
				CLANG_WARN_RANGE_LOOP_ANALYSIS = YES;
				CLANG_WARN_STRICT_PROTOTYPES = YES;
				CLANG_WARN_SUSPICIOUS_MOVE = YES;
				CLANG_WARN_UNGUARDED_AVAILABILITY = YES_AGGRESSIVE;
				CLANG_WARN_UNREACHABLE_CODE = YES;
				CLANG_WARN__DUPLICATE_METHOD_MATCH = YES;
				COPY_PHASE_STRIP = NO;
				CURRENT_PROJECT_VERSION = 1;
				DEBUG_INFORMATION_FORMAT = dwarf;
				ENABLE_STRICT_OBJC_MSGSEND = YES;
				ENABLE_TESTABILITY = YES;
				GCC_C_LANGUAGE_STANDARD = gnu11;
				GCC_DYNAMIC_NO_PIC = NO;
				GCC_NO_COMMON_BLOCKS = YES;
				GCC_OPTIMIZATION_LEVEL = 0;
				GCC_PREPROCESSOR_DEFINITIONS = (
					"DEBUG=1",
					"$(inherited)",
				);
				GCC_WARN_64_TO_32_BIT_CONVERSION = YES;
				GCC_WARN_ABOUT_RETURN_TYPE = YES_ERROR;
				GCC_WARN_UNDECLARED_SELECTOR = YES;
				GCC_WARN_UNINITIALIZED_AUTOS = YES_AGGRESSIVE;
				GCC_WARN_UNUSED_FUNCTION = YES;
				GCC_WARN_UNUSED_VARIABLE = YES;
				IPHONEOS_DEPLOYMENT_TARGET = 14.1;
				MTL_ENABLE_DEBUG_INFO = INCLUDE_SOURCE;
				MTL_FAST_MATH = YES;
				ONLY_ACTIVE_ARCH = YES;
				SDKROOT = iphoneos;
				SWIFT_ACTIVE_COMPILATION_CONDITIONS = DEBUG;
				SWIFT_OPTIMIZATION_LEVEL = "-Onone";
				VERSIONING_SYSTEM = "apple-generic";
				VERSION_INFO_PREFIX = "";
			};
			name = Debug;
		};
		0A544DB92581A0B300DC6DE5 /* Release */ = {
			isa = XCBuildConfiguration;
			buildSettings = {
				ALWAYS_SEARCH_USER_PATHS = NO;
				CLANG_ANALYZER_LOCALIZABILITY_NONLOCALIZED = YES;
				CLANG_ANALYZER_NONNULL = YES;
				CLANG_ANALYZER_NUMBER_OBJECT_CONVERSION = YES_AGGRESSIVE;
				CLANG_CXX_LANGUAGE_STANDARD = "gnu++14";
				CLANG_CXX_LIBRARY = "libc++";
				CLANG_ENABLE_MODULES = YES;
				CLANG_ENABLE_OBJC_ARC = YES;
				CLANG_ENABLE_OBJC_WEAK = YES;
				CLANG_WARN_BLOCK_CAPTURE_AUTORELEASING = YES;
				CLANG_WARN_BOOL_CONVERSION = YES;
				CLANG_WARN_COMMA = YES;
				CLANG_WARN_CONSTANT_CONVERSION = YES;
				CLANG_WARN_DEPRECATED_OBJC_IMPLEMENTATIONS = YES;
				CLANG_WARN_DIRECT_OBJC_ISA_USAGE = YES_ERROR;
				CLANG_WARN_DOCUMENTATION_COMMENTS = YES;
				CLANG_WARN_EMPTY_BODY = YES;
				CLANG_WARN_ENUM_CONVERSION = YES;
				CLANG_WARN_INFINITE_RECURSION = YES;
				CLANG_WARN_INT_CONVERSION = YES;
				CLANG_WARN_NON_LITERAL_NULL_CONVERSION = YES;
				CLANG_WARN_OBJC_IMPLICIT_RETAIN_SELF = YES;
				CLANG_WARN_OBJC_LITERAL_CONVERSION = YES;
				CLANG_WARN_OBJC_ROOT_CLASS = YES_ERROR;
				CLANG_WARN_QUOTED_INCLUDE_IN_FRAMEWORK_HEADER = YES;
				CLANG_WARN_RANGE_LOOP_ANALYSIS = YES;
				CLANG_WARN_STRICT_PROTOTYPES = YES;
				CLANG_WARN_SUSPICIOUS_MOVE = YES;
				CLANG_WARN_UNGUARDED_AVAILABILITY = YES_AGGRESSIVE;
				CLANG_WARN_UNREACHABLE_CODE = YES;
				CLANG_WARN__DUPLICATE_METHOD_MATCH = YES;
				COPY_PHASE_STRIP = NO;
				CURRENT_PROJECT_VERSION = 1;
				DEBUG_INFORMATION_FORMAT = "dwarf-with-dsym";
				ENABLE_NS_ASSERTIONS = NO;
				ENABLE_STRICT_OBJC_MSGSEND = YES;
				GCC_C_LANGUAGE_STANDARD = gnu11;
				GCC_NO_COMMON_BLOCKS = YES;
				GCC_WARN_64_TO_32_BIT_CONVERSION = YES;
				GCC_WARN_ABOUT_RETURN_TYPE = YES_ERROR;
				GCC_WARN_UNDECLARED_SELECTOR = YES;
				GCC_WARN_UNINITIALIZED_AUTOS = YES_AGGRESSIVE;
				GCC_WARN_UNUSED_FUNCTION = YES;
				GCC_WARN_UNUSED_VARIABLE = YES;
				IPHONEOS_DEPLOYMENT_TARGET = 14.1;
				MTL_ENABLE_DEBUG_INFO = NO;
				MTL_FAST_MATH = YES;
				SDKROOT = iphoneos;
				SWIFT_COMPILATION_MODE = wholemodule;
				SWIFT_OPTIMIZATION_LEVEL = "-O";
				VALIDATE_PRODUCT = YES;
				VERSIONING_SYSTEM = "apple-generic";
				VERSION_INFO_PREFIX = "";
			};
			name = Release;
		};
		0A544DBB2581A0B300DC6DE5 /* Debug */ = {
			isa = XCBuildConfiguration;
			buildSettings = {
				CLANG_ENABLE_MODULES = YES;
				CODE_SIGN_STYLE = Automatic;
				DEFINES_MODULE = YES;
				DEVELOPMENT_TEAM = "";
				DYLIB_COMPATIBILITY_VERSION = 1;
				DYLIB_CURRENT_VERSION = 1;
				DYLIB_INSTALL_NAME_BASE = "@rpath";
				FRAMEWORK_SEARCH_PATHS = (
					"$(inherited)",
					"$(PROJECT_DIR)/Carthage/Build/iOS",
					"$(PROJECT_DIR)/Carthage/Checkouts/LoopKit/Carthage/Build/watchOS",
					"$(PROJECT_DIR)/Carthage/Checkouts/LoopKit/Carthage/Build/iOS",
					"$(PROJECT_DIR)/Carthage/Checkouts/LoopKit/Carthage/Build/tvOS",
					"$(PROJECT_DIR)/Carthage/Build/watchOS",
					"$(PROJECT_DIR)/Carthage/Build/tvOS",
				);
				INFOPLIST_FILE = LibreKit/Info.plist;
				INSTALL_PATH = "$(LOCAL_LIBRARY_DIR)/Frameworks";
				IPHONEOS_DEPLOYMENT_TARGET = 14.1;
				LD_RUNPATH_SEARCH_PATHS = (
					"$(inherited)",
					"@executable_path/Frameworks",
					"@loader_path/Frameworks",
				);
				PRODUCT_BUNDLE_IDENTIFIER = com.juliangroen.LibreKit;
				PRODUCT_NAME = "$(TARGET_NAME:c99extidentifier)";
				SKIP_INSTALL = YES;
				SWIFT_OPTIMIZATION_LEVEL = "-Onone";
				SWIFT_VERSION = 5.0;
				TARGETED_DEVICE_FAMILY = "1,2";
			};
			name = Debug;
		};
		0A544DBC2581A0B300DC6DE5 /* Release */ = {
			isa = XCBuildConfiguration;
			buildSettings = {
				CLANG_ENABLE_MODULES = YES;
				CODE_SIGN_STYLE = Automatic;
				DEFINES_MODULE = YES;
				DEVELOPMENT_TEAM = "";
				DYLIB_COMPATIBILITY_VERSION = 1;
				DYLIB_CURRENT_VERSION = 1;
				DYLIB_INSTALL_NAME_BASE = "@rpath";
				FRAMEWORK_SEARCH_PATHS = (
					"$(inherited)",
					"$(PROJECT_DIR)/Carthage/Build/iOS",
					"$(PROJECT_DIR)/Carthage/Checkouts/LoopKit/Carthage/Build/watchOS",
					"$(PROJECT_DIR)/Carthage/Checkouts/LoopKit/Carthage/Build/iOS",
					"$(PROJECT_DIR)/Carthage/Checkouts/LoopKit/Carthage/Build/tvOS",
					"$(PROJECT_DIR)/Carthage/Build/watchOS",
					"$(PROJECT_DIR)/Carthage/Build/tvOS",
				);
				INFOPLIST_FILE = LibreKit/Info.plist;
				INSTALL_PATH = "$(LOCAL_LIBRARY_DIR)/Frameworks";
				IPHONEOS_DEPLOYMENT_TARGET = 14.1;
				LD_RUNPATH_SEARCH_PATHS = (
					"$(inherited)",
					"@executable_path/Frameworks",
					"@loader_path/Frameworks",
				);
				PRODUCT_BUNDLE_IDENTIFIER = com.juliangroen.LibreKit;
				PRODUCT_NAME = "$(TARGET_NAME:c99extidentifier)";
				SKIP_INSTALL = YES;
				SWIFT_VERSION = 5.0;
				TARGETED_DEVICE_FAMILY = "1,2";
			};
			name = Release;
		};
		0A544DCE2581A1B700DC6DE5 /* Debug */ = {
			isa = XCBuildConfiguration;
			buildSettings = {
				CLANG_ENABLE_MODULES = YES;
				CODE_SIGN_STYLE = Automatic;
				DEFINES_MODULE = YES;
				DEVELOPMENT_TEAM = "";
				DYLIB_COMPATIBILITY_VERSION = 1;
				DYLIB_CURRENT_VERSION = 1;
				DYLIB_INSTALL_NAME_BASE = "@rpath";
				FRAMEWORK_SEARCH_PATHS = (
					"$(inherited)",
					"$(PROJECT_DIR)/Carthage/Build/iOS",
				);
				INFOPLIST_FILE = LibreKitUI/Info.plist;
				INSTALL_PATH = "$(LOCAL_LIBRARY_DIR)/Frameworks";
				IPHONEOS_DEPLOYMENT_TARGET = 14.1;
				LD_RUNPATH_SEARCH_PATHS = (
					"$(inherited)",
					"@executable_path/Frameworks",
					"@loader_path/Frameworks",
				);
				PRODUCT_BUNDLE_IDENTIFIER = com.juliangroen.LibreKitUI;
				PRODUCT_NAME = "$(TARGET_NAME:c99extidentifier)";
				SKIP_INSTALL = YES;
				SWIFT_OPTIMIZATION_LEVEL = "-Onone";
				SWIFT_VERSION = 5.0;
				TARGETED_DEVICE_FAMILY = "1,2";
			};
			name = Debug;
		};
		0A544DCF2581A1B700DC6DE5 /* Release */ = {
			isa = XCBuildConfiguration;
			buildSettings = {
				CLANG_ENABLE_MODULES = YES;
				CODE_SIGN_STYLE = Automatic;
				DEFINES_MODULE = YES;
				DEVELOPMENT_TEAM = "";
				DYLIB_COMPATIBILITY_VERSION = 1;
				DYLIB_CURRENT_VERSION = 1;
				DYLIB_INSTALL_NAME_BASE = "@rpath";
				FRAMEWORK_SEARCH_PATHS = (
					"$(inherited)",
					"$(PROJECT_DIR)/Carthage/Build/iOS",
				);
				INFOPLIST_FILE = LibreKitUI/Info.plist;
				INSTALL_PATH = "$(LOCAL_LIBRARY_DIR)/Frameworks";
				IPHONEOS_DEPLOYMENT_TARGET = 14.1;
				LD_RUNPATH_SEARCH_PATHS = (
					"$(inherited)",
					"@executable_path/Frameworks",
					"@loader_path/Frameworks",
				);
				PRODUCT_BUNDLE_IDENTIFIER = com.juliangroen.LibreKitUI;
				PRODUCT_NAME = "$(TARGET_NAME:c99extidentifier)";
				SKIP_INSTALL = YES;
				SWIFT_VERSION = 5.0;
				TARGETED_DEVICE_FAMILY = "1,2";
			};
			name = Release;
		};
/* End XCBuildConfiguration section */

/* Begin XCConfigurationList section */
		0A1916882589744100598025 /* Build configuration list for PBXNativeTarget "LibreKitPlugin" */ = {
			isa = XCConfigurationList;
			buildConfigurations = (
				0A1916892589744100598025 /* Debug */,
				0A19168A2589744100598025 /* Release */,
			);
			defaultConfigurationIsVisible = 0;
			defaultConfigurationName = Release;
		};
		0A27B3CB26D3D130009BD4C0 /* Build configuration list for PBXNativeTarget "LibreKitTests" */ = {
			isa = XCConfigurationList;
			buildConfigurations = (
				0A27B3CC26D3D130009BD4C0 /* Debug */,
				0A27B3CD26D3D130009BD4C0 /* Release */,
			);
			defaultConfigurationIsVisible = 0;
			defaultConfigurationName = Release;
		};
		0A544DAC2581A0B300DC6DE5 /* Build configuration list for PBXProject "LibreKit" */ = {
			isa = XCConfigurationList;
			buildConfigurations = (
				0A544DB82581A0B300DC6DE5 /* Debug */,
				0A544DB92581A0B300DC6DE5 /* Release */,
			);
			defaultConfigurationIsVisible = 0;
			defaultConfigurationName = Release;
		};
		0A544DBA2581A0B300DC6DE5 /* Build configuration list for PBXNativeTarget "LibreKit" */ = {
			isa = XCConfigurationList;
			buildConfigurations = (
				0A544DBB2581A0B300DC6DE5 /* Debug */,
				0A544DBC2581A0B300DC6DE5 /* Release */,
			);
			defaultConfigurationIsVisible = 0;
			defaultConfigurationName = Release;
		};
		0A544DCD2581A1B700DC6DE5 /* Build configuration list for PBXNativeTarget "LibreKitUI" */ = {
			isa = XCConfigurationList;
			buildConfigurations = (
				0A544DCE2581A1B700DC6DE5 /* Debug */,
				0A544DCF2581A1B700DC6DE5 /* Release */,
			);
			defaultConfigurationIsVisible = 0;
			defaultConfigurationName = Release;
		};
/* End XCConfigurationList section */
	};
	rootObject = 0A544DA92581A0B300DC6DE5 /* Project object */;
}
