// !$*UTF8*$!
{
	archiveVersion = 1;
	classes = {
	};
	objectVersion = 52;
	objects = {

/* Begin PBXBuildFile section */
		0A127DD02472DE7900505869 /* NotificationManager.swift in Sources */ = {isa = PBXBuildFile; fileRef = 0A127DCF2472DE7900505869 /* NotificationManager.swift */; };
		0A1E33C12468D84400BE6410 /* Libre2CGMManager.swift in Sources */ = {isa = PBXBuildFile; fileRef = 0A1E33C02468D84400BE6410 /* Libre2CGMManager.swift */; };
		0A1E33C42468D90300BE6410 /* LocalizedString.swift in Sources */ = {isa = PBXBuildFile; fileRef = 0A1E33C32468D90300BE6410 /* LocalizedString.swift */; };
		0A1E33C62468D99300BE6410 /* LocalizedString.swift in Sources */ = {isa = PBXBuildFile; fileRef = 0A1E33C32468D90300BE6410 /* LocalizedString.swift */; };
		0A1E33C82468DADA00BE6410 /* Glucose.swift in Sources */ = {isa = PBXBuildFile; fileRef = 0A1E33C72468DADA00BE6410 /* Glucose.swift */; };
		0A1E33CE2469579F00BE6410 /* SensorState.swift in Sources */ = {isa = PBXBuildFile; fileRef = 0A1E33CD2469579F00BE6410 /* SensorState.swift */; };
		0A1E33D224695C4C00BE6410 /* Transmitter.swift in Sources */ = {isa = PBXBuildFile; fileRef = 0A1E33D124695C4C00BE6410 /* Transmitter.swift */; };
		0A1E33D724695FA800BE6410 /* TransmitterManager.swift in Sources */ = {isa = PBXBuildFile; fileRef = 0A1E33D624695FA800BE6410 /* TransmitterManager.swift */; };
		0A1E33D924695FDE00BE6410 /* SensorData.swift in Sources */ = {isa = PBXBuildFile; fileRef = 0A1E33D824695FDE00BE6410 /* SensorData.swift */; };
		0A1E33DF2469E85C00BE6410 /* CRC.swift in Sources */ = {isa = PBXBuildFile; fileRef = 0A1E33DE2469E85C00BE6410 /* CRC.swift */; };
		0A2A4374246DF436009A160E /* Measurement.swift in Sources */ = {isa = PBXBuildFile; fileRef = 0A2A4373246DF436009A160E /* Measurement.swift */; };
		0A2E0B172429CE0700FB3D14 /* Libre2Client.framework in Frameworks */ = {isa = PBXBuildFile; fileRef = 432B0E881CDFC3C50045347B /* Libre2Client.framework */; };
		0A6367EF246A9F1300C2725D /* HKUnit.swift in Sources */ = {isa = PBXBuildFile; fileRef = 0A6367EE246A9F1300C2725D /* HKUnit.swift */; };
		0A6367F1246AC1B100C2725D /* SensorError.swift in Sources */ = {isa = PBXBuildFile; fileRef = 0A6367F0246AC1B100C2725D /* SensorError.swift */; };
		0A6367F4246B6C6600C2725D /* TrendCalculation.swift in Sources */ = {isa = PBXBuildFile; fileRef = 0A6367F3246B6C6600C2725D /* TrendCalculation.swift */; };
		0A6367F8246B773F00C2725D /* UserDefaults+Glucose.swift in Sources */ = {isa = PBXBuildFile; fileRef = 0A6367F7246B773F00C2725D /* UserDefaults+Glucose.swift */; };
		0A6367FA246B77BA00C2725D /* UserDefaults.swift in Sources */ = {isa = PBXBuildFile; fileRef = 0A6367F9246B77BA00C2725D /* UserDefaults.swift */; };
		0A6367FC246C372900C2725D /* Libre2CGMManager+UI.swift in Sources */ = {isa = PBXBuildFile; fileRef = 0A6367FB246C372900C2725D /* Libre2CGMManager+UI.swift */; };
		0A6367FE246C3D1F00C2725D /* LibreManagerSettingsViewController.swift in Sources */ = {isa = PBXBuildFile; fileRef = 0A6367FD246C3D1F00C2725D /* LibreManagerSettingsViewController.swift */; };
		0A636800246C3D3E00C2725D /* LibreManagerSetupViewController.swift in Sources */ = {isa = PBXBuildFile; fileRef = 0A6367FF246C3D3D00C2725D /* LibreManagerSetupViewController.swift */; };
		0A636802246C3E9200C2725D /* TransmitterSetupViewController.swift in Sources */ = {isa = PBXBuildFile; fileRef = 0A636801246C3E9200C2725D /* TransmitterSetupViewController.swift */; };
		0A63680E246C6D3C00C2725D /* CBPeripheral.swift in Sources */ = {isa = PBXBuildFile; fileRef = 0A63680D246C6D3C00C2725D /* CBPeripheral.swift */; };
		0A636810246C700300C2725D /* Collection+Array.swift in Sources */ = {isa = PBXBuildFile; fileRef = 0A63680F246C700300C2725D /* Collection+Array.swift */; };
		0A636813246C91F200C2725D /* Collection+Array.swift in Sources */ = {isa = PBXBuildFile; fileRef = 0A63680F246C700300C2725D /* Collection+Array.swift */; };
		0A636817246C92FC00C2725D /* CBPeripheral.swift in Sources */ = {isa = PBXBuildFile; fileRef = 0A63680D246C6D3C00C2725D /* CBPeripheral.swift */; };
		0A63681A246C9A7500C2725D /* SetupTableViewHeader.swift in Sources */ = {isa = PBXBuildFile; fileRef = 0A636819246C9A7500C2725D /* SetupTableViewHeader.swift */; };
		0A63681C246C9AA300C2725D /* IdentifiableClass.swift in Sources */ = {isa = PBXBuildFile; fileRef = 0A63681B246C9AA300C2725D /* IdentifiableClass.swift */; };
		0A63681E246C9B7500C2725D /* AnnotatedTableViewCell.swift in Sources */ = {isa = PBXBuildFile; fileRef = 0A63681D246C9B7500C2725D /* AnnotatedTableViewCell.swift */; };
		0A636820246C9FFA00C2725D /* UITableView.swift in Sources */ = {isa = PBXBuildFile; fileRef = 0A63681F246C9FFA00C2725D /* UITableView.swift */; };
		0A636822246CBAA400C2725D /* UserDefaults+Glucose.swift in Sources */ = {isa = PBXBuildFile; fileRef = 0A6367F7246B773F00C2725D /* UserDefaults+Glucose.swift */; };
		0A636824246CBC2D00C2725D /* UIColor.swift in Sources */ = {isa = PBXBuildFile; fileRef = 0A636823246CBC2D00C2725D /* UIColor.swift */; };
		0A7737562472AB4E00DD4CFC /* Double.swift in Sources */ = {isa = PBXBuildFile; fileRef = 0A7737552472AB4E00DD4CFC /* Double.swift */; };
		0A77375C2472B11A00DD4CFC /* HKUnit.swift in Sources */ = {isa = PBXBuildFile; fileRef = 0A6367EE246A9F1300C2725D /* HKUnit.swift */; };
		0A77375D2472B21500DD4CFC /* Double.swift in Sources */ = {isa = PBXBuildFile; fileRef = 0A7737552472AB4E00DD4CFC /* Double.swift */; };
		43A8EC95210E67B000A81379 /* HealthKit.framework in Frameworks */ = {isa = PBXBuildFile; fileRef = 43A8EC94210E67B000A81379 /* HealthKit.framework */; };
		43AB511B21330D1400B3D58D /* Localizable.strings in Resources */ = {isa = PBXBuildFile; fileRef = 43AB511921330D1400B3D58D /* Localizable.strings */; };
		43AB5127213315D300B3D58D /* Localizable.strings in Resources */ = {isa = PBXBuildFile; fileRef = 43AB5125213315D300B3D58D /* Localizable.strings */; };
		E244447625E67664007D6354 /* CalibrationInfo.swift in Sources */ = {isa = PBXBuildFile; fileRef = E244447525E67664007D6354 /* CalibrationInfo.swift */; };
		E2978CC025FA2FCD0062BE3A /* UserDefaults+Sensor.swift in Sources */ = {isa = PBXBuildFile; fileRef = E2978CBF25FA2FCD0062BE3A /* UserDefaults+Sensor.swift */; };
		E298AD2825F2795600F739F7 /* Transmitter+Libre2.swift in Sources */ = {isa = PBXBuildFile; fileRef = E298AD2725F2795600F739F7 /* Transmitter+Libre2.swift */; };
		E2A9691825F7AB5B00CA01E5 /* SensorSerialNumber.swift in Sources */ = {isa = PBXBuildFile; fileRef = E2A9691725F7AB5B00CA01E5 /* SensorSerialNumber.swift */; };
		E2A9694C25F7B70A00CA01E5 /* CryptoSwift in Frameworks */ = {isa = PBXBuildFile; productRef = E2A9694B25F7B70A00CA01E5 /* CryptoSwift */; };
		E2ACC2FC2604CE6D0057D491 /* Extensions.swift in Sources */ = {isa = PBXBuildFile; fileRef = E2EA5EEB25FB5F7E00FB3835 /* Extensions.swift */; };
		E2BEE45125ED393300F2EC76 /* SensorType.swift in Sources */ = {isa = PBXBuildFile; fileRef = E2BEE45025ED393300F2EC76 /* SensorType.swift */; };
		E2EA5EE325FB5D1C00FB3835 /* Utility.swift in Sources */ = {isa = PBXBuildFile; fileRef = E2EA5EE225FB5D1C00FB3835 /* Utility.swift */; };
		E2EA5EEC25FB5F7E00FB3835 /* Extensions.swift in Sources */ = {isa = PBXBuildFile; fileRef = E2EA5EEB25FB5F7E00FB3835 /* Extensions.swift */; };
		E2FAC2C225FACAFF00FC0385 /* NFC.swift in Sources */ = {isa = PBXBuildFile; fileRef = E2FAC2C125FACAFF00FC0385 /* NFC.swift */; };
		E2FC04BA26033BE90011F49B /* SensorRegion.swift in Sources */ = {isa = PBXBuildFile; fileRef = E2FC04B926033BE90011F49B /* SensorRegion.swift */; };
		E2FC04BD260341F60011F49B /* UserDefaults+Sensor.swift in Sources */ = {isa = PBXBuildFile; fileRef = E2978CBF25FA2FCD0062BE3A /* UserDefaults+Sensor.swift */; };
		E2FC04C0260342200011F49B /* SensorState.swift in Sources */ = {isa = PBXBuildFile; fileRef = 0A1E33CD2469579F00BE6410 /* SensorState.swift */; };
		E2FC04C3260342250011F49B /* SensorType.swift in Sources */ = {isa = PBXBuildFile; fileRef = E2BEE45025ED393300F2EC76 /* SensorType.swift */; };
		E2FC04C6260342290011F49B /* SensorRegion.swift in Sources */ = {isa = PBXBuildFile; fileRef = E2FC04B926033BE90011F49B /* SensorRegion.swift */; };
		E2FC04C92603423E0011F49B /* CalibrationInfo.swift in Sources */ = {isa = PBXBuildFile; fileRef = E244447525E67664007D6354 /* CalibrationInfo.swift */; };
/* End PBXBuildFile section */

/* Begin PBXFileReference section */
		0A127DCF2472DE7900505869 /* NotificationManager.swift */ = {isa = PBXFileReference; lastKnownFileType = sourcecode.swift; path = NotificationManager.swift; sourceTree = "<group>"; };
		0A1E33C02468D84400BE6410 /* Libre2CGMManager.swift */ = {isa = PBXFileReference; lastKnownFileType = sourcecode.swift; path = Libre2CGMManager.swift; sourceTree = "<group>"; };
		0A1E33C32468D90300BE6410 /* LocalizedString.swift */ = {isa = PBXFileReference; lastKnownFileType = sourcecode.swift; path = LocalizedString.swift; sourceTree = "<group>"; };
		0A1E33C72468DADA00BE6410 /* Glucose.swift */ = {isa = PBXFileReference; lastKnownFileType = sourcecode.swift; path = Glucose.swift; sourceTree = "<group>"; };
		0A1E33CD2469579F00BE6410 /* SensorState.swift */ = {isa = PBXFileReference; lastKnownFileType = sourcecode.swift; path = SensorState.swift; sourceTree = "<group>"; };
		0A1E33D124695C4C00BE6410 /* Transmitter.swift */ = {isa = PBXFileReference; lastKnownFileType = sourcecode.swift; path = Transmitter.swift; sourceTree = "<group>"; };
		0A1E33D624695FA800BE6410 /* TransmitterManager.swift */ = {isa = PBXFileReference; lastKnownFileType = sourcecode.swift; path = TransmitterManager.swift; sourceTree = "<group>"; };
		0A1E33D824695FDE00BE6410 /* SensorData.swift */ = {isa = PBXFileReference; lastKnownFileType = sourcecode.swift; path = SensorData.swift; sourceTree = "<group>"; };
		0A1E33DE2469E85C00BE6410 /* CRC.swift */ = {isa = PBXFileReference; lastKnownFileType = sourcecode.swift; path = CRC.swift; sourceTree = "<group>"; };
		0A27F25B238EBA170074FE36 /* Libre2ClientUI.h */ = {isa = PBXFileReference; lastKnownFileType = sourcecode.c.h; path = Libre2ClientUI.h; sourceTree = "<group>"; };
		0A27F25C238EBA210074FE36 /* Libre2Client.h */ = {isa = PBXFileReference; lastKnownFileType = sourcecode.c.h; path = Libre2Client.h; sourceTree = "<group>"; };
		0A2A4373246DF436009A160E /* Measurement.swift */ = {isa = PBXFileReference; lastKnownFileType = sourcecode.swift; path = Measurement.swift; sourceTree = "<group>"; };
		0A6367EE246A9F1300C2725D /* HKUnit.swift */ = {isa = PBXFileReference; lastKnownFileType = sourcecode.swift; path = HKUnit.swift; sourceTree = "<group>"; };
		0A6367F0246AC1B100C2725D /* SensorError.swift */ = {isa = PBXFileReference; lastKnownFileType = sourcecode.swift; path = SensorError.swift; sourceTree = "<group>"; };
		0A6367F3246B6C6600C2725D /* TrendCalculation.swift */ = {isa = PBXFileReference; lastKnownFileType = sourcecode.swift; path = TrendCalculation.swift; sourceTree = "<group>"; };
		0A6367F7246B773F00C2725D /* UserDefaults+Glucose.swift */ = {isa = PBXFileReference; lastKnownFileType = sourcecode.swift; path = "UserDefaults+Glucose.swift"; sourceTree = "<group>"; };
		0A6367F9246B77BA00C2725D /* UserDefaults.swift */ = {isa = PBXFileReference; lastKnownFileType = sourcecode.swift; path = UserDefaults.swift; sourceTree = "<group>"; };
		0A6367FB246C372900C2725D /* Libre2CGMManager+UI.swift */ = {isa = PBXFileReference; lastKnownFileType = sourcecode.swift; path = "Libre2CGMManager+UI.swift"; sourceTree = "<group>"; };
		0A6367FD246C3D1F00C2725D /* LibreManagerSettingsViewController.swift */ = {isa = PBXFileReference; lastKnownFileType = sourcecode.swift; path = LibreManagerSettingsViewController.swift; sourceTree = "<group>"; };
		0A6367FF246C3D3D00C2725D /* LibreManagerSetupViewController.swift */ = {isa = PBXFileReference; lastKnownFileType = sourcecode.swift; path = LibreManagerSetupViewController.swift; sourceTree = "<group>"; };
		0A636801246C3E9200C2725D /* TransmitterSetupViewController.swift */ = {isa = PBXFileReference; lastKnownFileType = sourcecode.swift; path = TransmitterSetupViewController.swift; sourceTree = "<group>"; };
		0A63680D246C6D3C00C2725D /* CBPeripheral.swift */ = {isa = PBXFileReference; lastKnownFileType = sourcecode.swift; path = CBPeripheral.swift; sourceTree = "<group>"; };
		0A63680F246C700300C2725D /* Collection+Array.swift */ = {isa = PBXFileReference; lastKnownFileType = sourcecode.swift; path = "Collection+Array.swift"; sourceTree = "<group>"; };
		0A636819246C9A7500C2725D /* SetupTableViewHeader.swift */ = {isa = PBXFileReference; lastKnownFileType = sourcecode.swift; path = SetupTableViewHeader.swift; sourceTree = "<group>"; };
		0A63681B246C9AA300C2725D /* IdentifiableClass.swift */ = {isa = PBXFileReference; lastKnownFileType = sourcecode.swift; path = IdentifiableClass.swift; sourceTree = "<group>"; };
		0A63681D246C9B7500C2725D /* AnnotatedTableViewCell.swift */ = {isa = PBXFileReference; lastKnownFileType = sourcecode.swift; path = AnnotatedTableViewCell.swift; sourceTree = "<group>"; };
		0A63681F246C9FFA00C2725D /* UITableView.swift */ = {isa = PBXFileReference; lastKnownFileType = sourcecode.swift; path = UITableView.swift; sourceTree = "<group>"; };
		0A636823246CBC2D00C2725D /* UIColor.swift */ = {isa = PBXFileReference; lastKnownFileType = sourcecode.swift; path = UIColor.swift; sourceTree = "<group>"; };
		0A7737552472AB4E00DD4CFC /* Double.swift */ = {isa = PBXFileReference; lastKnownFileType = sourcecode.swift; path = Double.swift; sourceTree = "<group>"; };
		0AF7ACDC23921419004C8D5C /* LoopKit.framework */ = {isa = PBXFileReference; lastKnownFileType = wrapper.framework; name = LoopKit.framework; path = Carthage/Build/iOS/LoopKit.framework; sourceTree = "<group>"; };
		0AF7ACDE2392141E004C8D5C /* LoopKitUI.framework */ = {isa = PBXFileReference; lastKnownFileType = wrapper.framework; name = LoopKitUI.framework; path = Carthage/Build/iOS/LoopKitUI.framework; sourceTree = "<group>"; };
		432B0E881CDFC3C50045347B /* Libre2Client.framework */ = {isa = PBXFileReference; explicitFileType = wrapper.framework; includeInIndex = 0; path = Libre2Client.framework; sourceTree = BUILT_PRODUCTS_DIR; };
		432B0E8D1CDFC3C50045347B /* Info.plist */ = {isa = PBXFileReference; lastKnownFileType = text.plist.xml; path = Info.plist; sourceTree = "<group>"; };
		43A8EC82210E664300A81379 /* Libre2ClientUI.framework */ = {isa = PBXFileReference; explicitFileType = wrapper.framework; includeInIndex = 0; path = Libre2ClientUI.framework; sourceTree = BUILT_PRODUCTS_DIR; };
		43A8EC85210E664300A81379 /* Info.plist */ = {isa = PBXFileReference; lastKnownFileType = text.plist.xml; path = Info.plist; sourceTree = "<group>"; };
		43A8EC94210E67B000A81379 /* HealthKit.framework */ = {isa = PBXFileReference; lastKnownFileType = wrapper.framework; name = HealthKit.framework; path = System/Library/Frameworks/HealthKit.framework; sourceTree = SDKROOT; };
		43AB511A21330D1400B3D58D /* Base */ = {isa = PBXFileReference; lastKnownFileType = text.plist.strings; name = Base; path = Base.lproj/Localizable.strings; sourceTree = "<group>"; };
		43AB5126213315D300B3D58D /* Base */ = {isa = PBXFileReference; lastKnownFileType = text.plist.strings; name = Base; path = Base.lproj/Localizable.strings; sourceTree = "<group>"; };
		E23BB47F25F12CB200F91A8A /* LoopKit.framework */ = {isa = PBXFileReference; explicitFileType = wrapper.framework; path = LoopKit.framework; sourceTree = BUILT_PRODUCTS_DIR; };
		E23BB48025F12CB200F91A8A /* LoopKitUI.framework */ = {isa = PBXFileReference; explicitFileType = wrapper.framework; path = LoopKitUI.framework; sourceTree = BUILT_PRODUCTS_DIR; };
		E244447525E67664007D6354 /* CalibrationInfo.swift */ = {isa = PBXFileReference; lastKnownFileType = sourcecode.swift; path = CalibrationInfo.swift; sourceTree = "<group>"; };
		E2978CBF25FA2FCD0062BE3A /* UserDefaults+Sensor.swift */ = {isa = PBXFileReference; lastKnownFileType = sourcecode.swift; path = "UserDefaults+Sensor.swift"; sourceTree = "<group>"; };
		E298AD2725F2795600F739F7 /* Transmitter+Libre2.swift */ = {isa = PBXFileReference; lastKnownFileType = sourcecode.swift; path = "Transmitter+Libre2.swift"; sourceTree = "<group>"; };
		E2A9691725F7AB5B00CA01E5 /* SensorSerialNumber.swift */ = {isa = PBXFileReference; lastKnownFileType = sourcecode.swift; path = SensorSerialNumber.swift; sourceTree = "<group>"; };
		E2BEE45025ED393300F2EC76 /* SensorType.swift */ = {isa = PBXFileReference; lastKnownFileType = sourcecode.swift; path = SensorType.swift; sourceTree = "<group>"; };
		E2EA5EE225FB5D1C00FB3835 /* Utility.swift */ = {isa = PBXFileReference; lastKnownFileType = sourcecode.swift; path = Utility.swift; sourceTree = "<group>"; };
		E2EA5EEB25FB5F7E00FB3835 /* Extensions.swift */ = {isa = PBXFileReference; lastKnownFileType = sourcecode.swift; path = Extensions.swift; sourceTree = "<group>"; };
		E2FAC2C125FACAFF00FC0385 /* NFC.swift */ = {isa = PBXFileReference; lastKnownFileType = sourcecode.swift; path = NFC.swift; sourceTree = "<group>"; };
		E2FC04B926033BE90011F49B /* SensorRegion.swift */ = {isa = PBXFileReference; lastKnownFileType = sourcecode.swift; path = SensorRegion.swift; sourceTree = "<group>"; };
		E2FC04DA2603853E0011F49B /* de */ = {isa = PBXFileReference; lastKnownFileType = text.plist.strings; name = de; path = de.lproj/Localizable.strings; sourceTree = "<group>"; };
		E2FC04DB2603853E0011F49B /* de */ = {isa = PBXFileReference; lastKnownFileType = text.plist.strings; name = de; path = de.lproj/Localizable.strings; sourceTree = "<group>"; };
/* End PBXFileReference section */

/* Begin PBXFrameworksBuildPhase section */
		432B0E841CDFC3C50045347B /* Frameworks */ = {
			isa = PBXFrameworksBuildPhase;
			buildActionMask = 2147483647;
			files = (
				43A8EC95210E67B000A81379 /* HealthKit.framework in Frameworks */,
				E2A9694C25F7B70A00CA01E5 /* CryptoSwift in Frameworks */,
			);
			runOnlyForDeploymentPostprocessing = 0;
		};
		43A8EC7E210E664300A81379 /* Frameworks */ = {
			isa = PBXFrameworksBuildPhase;
			buildActionMask = 2147483647;
			files = (
				0A2E0B172429CE0700FB3D14 /* Libre2Client.framework in Frameworks */,
			);
			runOnlyForDeploymentPostprocessing = 0;
		};
/* End PBXFrameworksBuildPhase section */

/* Begin PBXGroup section */
		0A1E33C92468DB0400BE6410 /* Transmitter */ = {
			isa = PBXGroup;
			children = (
				0A1E33D624695FA800BE6410 /* TransmitterManager.swift */,
				0A1E33D124695C4C00BE6410 /* Transmitter.swift */,
				E298AD2725F2795600F739F7 /* Transmitter+Libre2.swift */,
			);
			path = Transmitter;
			sourceTree = "<group>";
		};
		0A636818246C98A900C2725D /* Views */ = {
			isa = PBXGroup;
			children = (
				0A636819246C9A7500C2725D /* SetupTableViewHeader.swift */,
				0A63681D246C9B7500C2725D /* AnnotatedTableViewCell.swift */,
			);
			path = Views;
			sourceTree = "<group>";
		};
		432B0E7E1CDFC3C50045347B = {
			isa = PBXGroup;
			children = (
				43AB51342133176B00B3D58D /* Common */,
				E2EA5EE825FB5ED300FB3835 /* Libre2 */,
				432B0E8A1CDFC3C50045347B /* Libre2Client */,
				43A8EC83210E664300A81379 /* Libre2ClientUI */,
				432B0E891CDFC3C50045347B /* Products */,
				43A8EC7A210E661300A81379 /* Frameworks */,
			);
			sourceTree = "<group>";
		};
		432B0E891CDFC3C50045347B /* Products */ = {
			isa = PBXGroup;
			children = (
				432B0E881CDFC3C50045347B /* Libre2Client.framework */,
				43A8EC82210E664300A81379 /* Libre2ClientUI.framework */,
			);
			name = Products;
			sourceTree = "<group>";
		};
		432B0E8A1CDFC3C50045347B /* Libre2Client */ = {
			isa = PBXGroup;
			children = (
				432B0E8D1CDFC3C50045347B /* Info.plist */,
				0A27F25C238EBA210074FE36 /* Libre2Client.h */,
				43AB5125213315D300B3D58D /* Localizable.strings */,
				0A1E33C72468DADA00BE6410 /* Glucose.swift */,
				0A1E33C02468D84400BE6410 /* Libre2CGMManager.swift */,
				0A127DCF2472DE7900505869 /* NotificationManager.swift */,
			);
			path = Libre2Client;
			sourceTree = "<group>";
		};
		43A8EC7A210E661300A81379 /* Frameworks */ = {
			isa = PBXGroup;
			children = (
				E23BB47F25F12CB200F91A8A /* LoopKit.framework */,
				E23BB48025F12CB200F91A8A /* LoopKitUI.framework */,
				0AF7ACDE2392141E004C8D5C /* LoopKitUI.framework */,
				0AF7ACDC23921419004C8D5C /* LoopKit.framework */,
				43A8EC94210E67B000A81379 /* HealthKit.framework */,
			);
			name = Frameworks;
			sourceTree = "<group>";
		};
		43A8EC83210E664300A81379 /* Libre2ClientUI */ = {
			isa = PBXGroup;
			children = (
				43A8EC85210E664300A81379 /* Info.plist */,
				0A27F25B238EBA170074FE36 /* Libre2ClientUI.h */,
				43AB511921330D1400B3D58D /* Localizable.strings */,
				0A6367FB246C372900C2725D /* Libre2CGMManager+UI.swift */,
				0A636801246C3E9200C2725D /* TransmitterSetupViewController.swift */,
				0A6367FF246C3D3D00C2725D /* LibreManagerSetupViewController.swift */,
				0A6367FD246C3D1F00C2725D /* LibreManagerSettingsViewController.swift */,
				0A636818246C98A900C2725D /* Views */,
			);
			path = Libre2ClientUI;
			sourceTree = "<group>";
		};
		43AB51342133176B00B3D58D /* Common */ = {
			isa = PBXGroup;
			children = (
				0A6367EE246A9F1300C2725D /* HKUnit.swift */,
				0A1E33C32468D90300BE6410 /* LocalizedString.swift */,
				0A63680F246C700300C2725D /* Collection+Array.swift */,
				0A63680D246C6D3C00C2725D /* CBPeripheral.swift */,
				0A63681B246C9AA300C2725D /* IdentifiableClass.swift */,
				0A63681F246C9FFA00C2725D /* UITableView.swift */,
				0A636823246CBC2D00C2725D /* UIColor.swift */,
				0A7737552472AB4E00DD4CFC /* Double.swift */,
				0A6367F9246B77BA00C2725D /* UserDefaults.swift */,
				0A6367F7246B773F00C2725D /* UserDefaults+Glucose.swift */,
				E2978CBF25FA2FCD0062BE3A /* UserDefaults+Sensor.swift */,
			);
			path = Common;
			sourceTree = "<group>";
		};
		E2EA5EE825FB5ED300FB3835 /* Libre2 */ = {
			isa = PBXGroup;
			children = (
				E2FAC2C125FACAFF00FC0385 /* NFC.swift */,
				0A1E33DE2469E85C00BE6410 /* CRC.swift */,
				E2EA5EE225FB5D1C00FB3835 /* Utility.swift */,
				E2EA5EEB25FB5F7E00FB3835 /* Extensions.swift */,
				0A1E33C92468DB0400BE6410 /* Transmitter */,
				E2EA5EE925FB5EE400FB3835 /* Sensor */,
				E2EA5EF325FB616B00FB3835 /* Calculation */,
			);
			path = Libre2;
			sourceTree = "<group>";
		};
		E2EA5EE925FB5EE400FB3835 /* Sensor */ = {
			isa = PBXGroup;
			children = (
				E244447525E67664007D6354 /* CalibrationInfo.swift */,
				E2A9691725F7AB5B00CA01E5 /* SensorSerialNumber.swift */,
				0A1E33CD2469579F00BE6410 /* SensorState.swift */,
				E2BEE45025ED393300F2EC76 /* SensorType.swift */,
				0A1E33D824695FDE00BE6410 /* SensorData.swift */,
				0A6367F0246AC1B100C2725D /* SensorError.swift */,
				E2FC04B926033BE90011F49B /* SensorRegion.swift */,
			);
			path = Sensor;
			sourceTree = "<group>";
		};
		E2EA5EF325FB616B00FB3835 /* Calculation */ = {
			isa = PBXGroup;
			children = (
				0A2A4373246DF436009A160E /* Measurement.swift */,
				0A6367F3246B6C6600C2725D /* TrendCalculation.swift */,
			);
			path = Calculation;
			sourceTree = "<group>";
		};
/* End PBXGroup section */

/* Begin PBXHeadersBuildPhase section */
		432B0E851CDFC3C50045347B /* Headers */ = {
			isa = PBXHeadersBuildPhase;
			buildActionMask = 2147483647;
			files = (
			);
			runOnlyForDeploymentPostprocessing = 0;
		};
		43A8EC7F210E664300A81379 /* Headers */ = {
			isa = PBXHeadersBuildPhase;
			buildActionMask = 2147483647;
			files = (
			);
			runOnlyForDeploymentPostprocessing = 0;
		};
/* End PBXHeadersBuildPhase section */

/* Begin PBXNativeTarget section */
		432B0E871CDFC3C50045347B /* Libre2Client */ = {
			isa = PBXNativeTarget;
			buildConfigurationList = 432B0E9C1CDFC3C50045347B /* Build configuration list for PBXNativeTarget "Libre2Client" */;
			buildPhases = (
				432B0E831CDFC3C50045347B /* Sources */,
				432B0E841CDFC3C50045347B /* Frameworks */,
				432B0E851CDFC3C50045347B /* Headers */,
				432B0E861CDFC3C50045347B /* Resources */,
			);
			buildRules = (
			);
			dependencies = (
			);
			name = Libre2Client;
			packageProductDependencies = (
				E2A9694B25F7B70A00CA01E5 /* CryptoSwift */,
			);
			productName = MiaomiaoClient;
			productReference = 432B0E881CDFC3C50045347B /* Libre2Client.framework */;
			productType = "com.apple.product-type.framework";
		};
		43A8EC81210E664300A81379 /* Libre2ClientUI */ = {
			isa = PBXNativeTarget;
			buildConfigurationList = 43A8EC87210E664300A81379 /* Build configuration list for PBXNativeTarget "Libre2ClientUI" */;
			buildPhases = (
				43A8EC7D210E664300A81379 /* Sources */,
				43A8EC7E210E664300A81379 /* Frameworks */,
				43A8EC7F210E664300A81379 /* Headers */,
				43A8EC80210E664300A81379 /* Resources */,
			);
			buildRules = (
			);
			dependencies = (
			);
			name = Libre2ClientUI;
			productName = MiaomiaoClientUI;
			productReference = 43A8EC82210E664300A81379 /* Libre2ClientUI.framework */;
			productType = "com.apple.product-type.framework";
		};
/* End PBXNativeTarget section */

/* Begin PBXProject section */
		432B0E7F1CDFC3C50045347B /* Project object */ = {
			isa = PBXProject;
			attributes = {
				LastSwiftUpdateCheck = 1120;
				LastUpgradeCheck = 1240;
				ORGANIZATIONNAME = "Mark Wilson";
				TargetAttributes = {
					432B0E871CDFC3C50045347B = {
						CreatedOnToolsVersion = 7.3.1;
						LastSwiftMigration = 1140;
					};
					43A8EC81210E664300A81379 = {
						CreatedOnToolsVersion = 9.4.1;
					};
				};
			};
			buildConfigurationList = 432B0E821CDFC3C50045347B /* Build configuration list for PBXProject "Libre2Client" */;
			compatibilityVersion = "Xcode 3.2";
			developmentRegion = en;
			hasScannedForEncodings = 0;
			knownRegions = (
				en,
				Base,
				de,
			);
			mainGroup = 432B0E7E1CDFC3C50045347B;
			packageReferences = (
				E2A9694A25F7B70A00CA01E5 /* XCRemoteSwiftPackageReference "CryptoSwift" */,
			);
			productRefGroup = 432B0E891CDFC3C50045347B /* Products */;
			projectDirPath = "";
			projectRoot = "";
			targets = (
				432B0E871CDFC3C50045347B /* Libre2Client */,
				43A8EC81210E664300A81379 /* Libre2ClientUI */,
			);
		};
/* End PBXProject section */

/* Begin PBXResourcesBuildPhase section */
		432B0E861CDFC3C50045347B /* Resources */ = {
			isa = PBXResourcesBuildPhase;
			buildActionMask = 2147483647;
			files = (
				43AB5127213315D300B3D58D /* Localizable.strings in Resources */,
			);
			runOnlyForDeploymentPostprocessing = 0;
		};
		43A8EC80210E664300A81379 /* Resources */ = {
			isa = PBXResourcesBuildPhase;
			buildActionMask = 2147483647;
			files = (
				43AB511B21330D1400B3D58D /* Localizable.strings in Resources */,
			);
			runOnlyForDeploymentPostprocessing = 0;
		};
/* End PBXResourcesBuildPhase section */

/* Begin PBXSourcesBuildPhase section */
		432B0E831CDFC3C50045347B /* Sources */ = {
			isa = PBXSourcesBuildPhase;
			buildActionMask = 2147483647;
			files = (
				0A1E33DF2469E85C00BE6410 /* CRC.swift in Sources */,
				0A2A4374246DF436009A160E /* Measurement.swift in Sources */,
				0A1E33CE2469579F00BE6410 /* SensorState.swift in Sources */,
				0A1E33D924695FDE00BE6410 /* SensorData.swift in Sources */,
				0A127DD02472DE7900505869 /* NotificationManager.swift in Sources */,
				0A6367FA246B77BA00C2725D /* UserDefaults.swift in Sources */,
				E2978CC025FA2FCD0062BE3A /* UserDefaults+Sensor.swift in Sources */,
				0A1E33C82468DADA00BE6410 /* Glucose.swift in Sources */,
				0A1E33C42468D90300BE6410 /* LocalizedString.swift in Sources */,
				E298AD2825F2795600F739F7 /* Transmitter+Libre2.swift in Sources */,
				E244447625E67664007D6354 /* CalibrationInfo.swift in Sources */,
				E2FC04BA26033BE90011F49B /* SensorRegion.swift in Sources */,
				E2EA5EE325FB5D1C00FB3835 /* Utility.swift in Sources */,
				0A6367EF246A9F1300C2725D /* HKUnit.swift in Sources */,
				0A6367F4246B6C6600C2725D /* TrendCalculation.swift in Sources */,
				0A7737562472AB4E00DD4CFC /* Double.swift in Sources */,
				0A6367F8246B773F00C2725D /* UserDefaults+Glucose.swift in Sources */,
				0A6367F1246AC1B100C2725D /* SensorError.swift in Sources */,
				0A1E33D724695FA800BE6410 /* TransmitterManager.swift in Sources */,
				E2BEE45125ED393300F2EC76 /* SensorType.swift in Sources */,
				E2FAC2C225FACAFF00FC0385 /* NFC.swift in Sources */,
				0A63680E246C6D3C00C2725D /* CBPeripheral.swift in Sources */,
				0A1E33C12468D84400BE6410 /* Libre2CGMManager.swift in Sources */,
				E2EA5EEC25FB5F7E00FB3835 /* Extensions.swift in Sources */,
				0A1E33D224695C4C00BE6410 /* Transmitter.swift in Sources */,
				E2A9691825F7AB5B00CA01E5 /* SensorSerialNumber.swift in Sources */,
				0A636810246C700300C2725D /* Collection+Array.swift in Sources */,
			);
			runOnlyForDeploymentPostprocessing = 0;
		};
		43A8EC7D210E664300A81379 /* Sources */ = {
			isa = PBXSourcesBuildPhase;
			buildActionMask = 2147483647;
			files = (
				0A77375D2472B21500DD4CFC /* Double.swift in Sources */,
				0A77375C2472B11A00DD4CFC /* HKUnit.swift in Sources */,
				0A636822246CBAA400C2725D /* UserDefaults+Glucose.swift in Sources */,
				0A63681E246C9B7500C2725D /* AnnotatedTableViewCell.swift in Sources */,
				0A636817246C92FC00C2725D /* CBPeripheral.swift in Sources */,
				0A636824246CBC2D00C2725D /* UIColor.swift in Sources */,
				E2FC04C92603423E0011F49B /* CalibrationInfo.swift in Sources */,
				0A636813246C91F200C2725D /* Collection+Array.swift in Sources */,
				0A63681C246C9AA300C2725D /* IdentifiableClass.swift in Sources */,
				E2FC04C6260342290011F49B /* SensorRegion.swift in Sources */,
				0A6367FE246C3D1F00C2725D /* LibreManagerSettingsViewController.swift in Sources */,
				0A636820246C9FFA00C2725D /* UITableView.swift in Sources */,
				0A6367FC246C372900C2725D /* Libre2CGMManager+UI.swift in Sources */,
				E2ACC2FC2604CE6D0057D491 /* Extensions.swift in Sources */,
				0A1E33C62468D99300BE6410 /* LocalizedString.swift in Sources */,
				E2FC04C3260342250011F49B /* SensorType.swift in Sources */,
				0A63681A246C9A7500C2725D /* SetupTableViewHeader.swift in Sources */,
				0A636800246C3D3E00C2725D /* LibreManagerSetupViewController.swift in Sources */,
				0A636802246C3E9200C2725D /* TransmitterSetupViewController.swift in Sources */,
				E2FC04BD260341F60011F49B /* UserDefaults+Sensor.swift in Sources */,
				E2FC04C0260342200011F49B /* SensorState.swift in Sources */,
			);
			runOnlyForDeploymentPostprocessing = 0;
		};
/* End PBXSourcesBuildPhase section */

/* Begin PBXVariantGroup section */
		43AB511921330D1400B3D58D /* Localizable.strings */ = {
			isa = PBXVariantGroup;
			children = (
				43AB511A21330D1400B3D58D /* Base */,
				E2FC04DB2603853E0011F49B /* de */,
			);
			name = Localizable.strings;
			sourceTree = "<group>";
		};
		43AB5125213315D300B3D58D /* Localizable.strings */ = {
			isa = PBXVariantGroup;
			children = (
				43AB5126213315D300B3D58D /* Base */,
				E2FC04DA2603853E0011F49B /* de */,
			);
			name = Localizable.strings;
			sourceTree = "<group>";
		};
/* End PBXVariantGroup section */

/* Begin XCBuildConfiguration section */
		432B0E9A1CDFC3C50045347B /* Debug */ = {
			isa = XCBuildConfiguration;
			buildSettings = {
				ALWAYS_SEARCH_USER_PATHS = NO;
				CARTHAGE_PLATFORM_PATH_iphoneos = iOS;
				CARTHAGE_PLATFORM_PATH_iphonesimulator = iOS;
				CARTHAGE_PLATFORM_PATH_watchos = watchOS;
				CARTHAGE_PLATFORM_PATH_watchsimulator = watchOS;
				CLANG_ANALYZER_LOCALIZABILITY_NONLOCALIZED = YES;
				CLANG_ANALYZER_NONNULL = YES;
				CLANG_CXX_LANGUAGE_STANDARD = "gnu++0x";
				CLANG_CXX_LIBRARY = "libc++";
				CLANG_ENABLE_MODULES = YES;
				CLANG_ENABLE_OBJC_ARC = YES;
				CLANG_WARN_BLOCK_CAPTURE_AUTORELEASING = YES;
				CLANG_WARN_BOOL_CONVERSION = YES;
				CLANG_WARN_COMMA = YES;
				CLANG_WARN_CONSTANT_CONVERSION = YES;
				CLANG_WARN_DEPRECATED_OBJC_IMPLEMENTATIONS = YES;
				CLANG_WARN_DIRECT_OBJC_ISA_USAGE = YES_ERROR;
				CLANG_WARN_EMPTY_BODY = YES;
				CLANG_WARN_ENUM_CONVERSION = YES;
				CLANG_WARN_INFINITE_RECURSION = YES;
				CLANG_WARN_INT_CONVERSION = YES;
				CLANG_WARN_NON_LITERAL_NULL_CONVERSION = YES;
				CLANG_WARN_OBJC_IMPLICIT_RETAIN_SELF = YES;
				CLANG_WARN_OBJC_LITERAL_CONVERSION = YES;
				CLANG_WARN_OBJC_ROOT_CLASS = YES_ERROR;
				CLANG_WARN_QUOTED_INCLUDE_IN_FRAMEWORK_HEADER = YES;
				CLANG_WARN_RANGE_LOOP_ANALYSIS = YES;
				CLANG_WARN_STRICT_PROTOTYPES = YES;
				CLANG_WARN_SUSPICIOUS_MOVE = YES;
				CLANG_WARN_UNREACHABLE_CODE = YES;
				CLANG_WARN__DUPLICATE_METHOD_MATCH = YES;
				"CODE_SIGN_IDENTITY[sdk=iphoneos*]" = "iPhone Developer";
				COPY_PHASE_STRIP = NO;
				CURRENT_PROJECT_VERSION = 2;
				DEBUG_INFORMATION_FORMAT = dwarf;
				ENABLE_STRICT_OBJC_MSGSEND = YES;
				ENABLE_TESTABILITY = YES;
				GCC_C_LANGUAGE_STANDARD = gnu99;
				GCC_DYNAMIC_NO_PIC = NO;
				GCC_NO_COMMON_BLOCKS = YES;
				GCC_OPTIMIZATION_LEVEL = 0;
				GCC_PREPROCESSOR_DEFINITIONS = (
					"DEBUG=1",
					"$(inherited)",
				);
				GCC_WARN_64_TO_32_BIT_CONVERSION = YES;
				GCC_WARN_ABOUT_RETURN_TYPE = YES_ERROR;
				GCC_WARN_UNDECLARED_SELECTOR = YES;
				GCC_WARN_UNINITIALIZED_AUTOS = YES_AGGRESSIVE;
				GCC_WARN_UNUSED_FUNCTION = YES;
				GCC_WARN_UNUSED_VARIABLE = YES;
				IPHONEOS_DEPLOYMENT_TARGET = 12.0;
				LOCALIZED_STRING_MACRO_NAMES = (
					NSLocalizedString,
					CFLocalizedString,
					LocalizedString,
				);
				MTL_ENABLE_DEBUG_INFO = YES;
				ONLY_ACTIVE_ARCH = YES;
				SDKROOT = iphoneos;
				SWIFT_OPTIMIZATION_LEVEL = "-Onone";
				TARGETED_DEVICE_FAMILY = "1,2";
				VERSIONING_SYSTEM = "apple-generic";
				VERSION_INFO_PREFIX = "";
				WATCHOS_DEPLOYMENT_TARGET = 4.0;
			};
			name = Debug;
		};
		432B0E9B1CDFC3C50045347B /* Release */ = {
			isa = XCBuildConfiguration;
			buildSettings = {
				ALWAYS_SEARCH_USER_PATHS = NO;
				CARTHAGE_PLATFORM_PATH_iphoneos = iOS;
				CARTHAGE_PLATFORM_PATH_iphonesimulator = iOS;
				CARTHAGE_PLATFORM_PATH_watchos = watchOS;
				CARTHAGE_PLATFORM_PATH_watchsimulator = watchOS;
				CLANG_ANALYZER_LOCALIZABILITY_NONLOCALIZED = YES;
				CLANG_ANALYZER_NONNULL = YES;
				CLANG_CXX_LANGUAGE_STANDARD = "gnu++0x";
				CLANG_CXX_LIBRARY = "libc++";
				CLANG_ENABLE_MODULES = YES;
				CLANG_ENABLE_OBJC_ARC = YES;
				CLANG_WARN_BLOCK_CAPTURE_AUTORELEASING = YES;
				CLANG_WARN_BOOL_CONVERSION = YES;
				CLANG_WARN_COMMA = YES;
				CLANG_WARN_CONSTANT_CONVERSION = YES;
				CLANG_WARN_DEPRECATED_OBJC_IMPLEMENTATIONS = YES;
				CLANG_WARN_DIRECT_OBJC_ISA_USAGE = YES_ERROR;
				CLANG_WARN_EMPTY_BODY = YES;
				CLANG_WARN_ENUM_CONVERSION = YES;
				CLANG_WARN_INFINITE_RECURSION = YES;
				CLANG_WARN_INT_CONVERSION = YES;
				CLANG_WARN_NON_LITERAL_NULL_CONVERSION = YES;
				CLANG_WARN_OBJC_IMPLICIT_RETAIN_SELF = YES;
				CLANG_WARN_OBJC_LITERAL_CONVERSION = YES;
				CLANG_WARN_OBJC_ROOT_CLASS = YES_ERROR;
				CLANG_WARN_QUOTED_INCLUDE_IN_FRAMEWORK_HEADER = YES;
				CLANG_WARN_RANGE_LOOP_ANALYSIS = YES;
				CLANG_WARN_STRICT_PROTOTYPES = YES;
				CLANG_WARN_SUSPICIOUS_MOVE = YES;
				CLANG_WARN_UNREACHABLE_CODE = YES;
				CLANG_WARN__DUPLICATE_METHOD_MATCH = YES;
				"CODE_SIGN_IDENTITY[sdk=iphoneos*]" = "iPhone Developer";
				COPY_PHASE_STRIP = NO;
				CURRENT_PROJECT_VERSION = 2;
				DEBUG_INFORMATION_FORMAT = "dwarf-with-dsym";
				ENABLE_NS_ASSERTIONS = NO;
				ENABLE_STRICT_OBJC_MSGSEND = YES;
				GCC_C_LANGUAGE_STANDARD = gnu99;
				GCC_NO_COMMON_BLOCKS = YES;
				GCC_WARN_64_TO_32_BIT_CONVERSION = YES;
				GCC_WARN_ABOUT_RETURN_TYPE = YES_ERROR;
				GCC_WARN_UNDECLARED_SELECTOR = YES;
				GCC_WARN_UNINITIALIZED_AUTOS = YES_AGGRESSIVE;
				GCC_WARN_UNUSED_FUNCTION = YES;
				GCC_WARN_UNUSED_VARIABLE = YES;
				IPHONEOS_DEPLOYMENT_TARGET = 12.0;
				LOCALIZED_STRING_MACRO_NAMES = (
					NSLocalizedString,
					CFLocalizedString,
					LocalizedString,
				);
				MTL_ENABLE_DEBUG_INFO = NO;
				SDKROOT = iphoneos;
				SWIFT_COMPILATION_MODE = wholemodule;
				SWIFT_OPTIMIZATION_LEVEL = "-O";
				TARGETED_DEVICE_FAMILY = "1,2";
				VALIDATE_PRODUCT = YES;
				VERSIONING_SYSTEM = "apple-generic";
				VERSION_INFO_PREFIX = "";
				WATCHOS_DEPLOYMENT_TARGET = 4.0;
			};
			name = Release;
		};
		432B0E9D1CDFC3C50045347B /* Debug */ = {
			isa = XCBuildConfiguration;
			buildSettings = {
				APPLICATION_EXTENSION_API_ONLY = NO;
				CLANG_ENABLE_MODULES = YES;
				CODE_SIGN_IDENTITY = "";
				"CODE_SIGN_IDENTITY[sdk=iphoneos*]" = "";
				DEFINES_MODULE = YES;
				DEVELOPMENT_TEAM = "";
				DYLIB_COMPATIBILITY_VERSION = 1;
				DYLIB_CURRENT_VERSION = 2;
				DYLIB_INSTALL_NAME_BASE = "@rpath";
				FRAMEWORK_SEARCH_PATHS = (
					"$(inherited)",
					"$(PROJECT_DIR)/Carthage/Build/$(CARTHAGE_PLATFORM_PATH_$(PLATFORM_NAME))",
					"$(PROJECT_DIR)",
				);
				INFOPLIST_FILE = Libre2Client/Info.plist;
				INSTALL_PATH = "$(LOCAL_LIBRARY_DIR)/Frameworks";
				IPHONEOS_DEPLOYMENT_TARGET = 14.1;
				LD_RUNPATH_SEARCH_PATHS = (
					"$(inherited)",
					"@executable_path/Frameworks",
					"@loader_path/Frameworks",
				);
				MARKETING_VERSION = 1.0;
				PRODUCT_BUNDLE_IDENTIFIER = ReimarMetzen.Libre2Client;
				PRODUCT_NAME = "$(TARGET_NAME)";
				SKIP_INSTALL = YES;
				SUPPORTED_PLATFORMS = "iphonesimulator iphoneos";
				SWIFT_OPTIMIZATION_LEVEL = "-Onone";
				SWIFT_VERSION = 5.0;
				TARGETED_DEVICE_FAMILY = "1,2";
			};
			name = Debug;
		};
		432B0E9E1CDFC3C50045347B /* Release */ = {
			isa = XCBuildConfiguration;
			buildSettings = {
				APPLICATION_EXTENSION_API_ONLY = NO;
				CLANG_ENABLE_MODULES = YES;
				CODE_SIGN_IDENTITY = "";
				"CODE_SIGN_IDENTITY[sdk=iphoneos*]" = "";
				DEFINES_MODULE = YES;
				DEVELOPMENT_TEAM = "";
				DYLIB_COMPATIBILITY_VERSION = 1;
				DYLIB_CURRENT_VERSION = 2;
				DYLIB_INSTALL_NAME_BASE = "@rpath";
				FRAMEWORK_SEARCH_PATHS = (
					"$(inherited)",
					"$(PROJECT_DIR)/Carthage/Build/$(CARTHAGE_PLATFORM_PATH_$(PLATFORM_NAME))",
					"$(PROJECT_DIR)",
				);
				GCC_OPTIMIZATION_LEVEL = 0;
				INFOPLIST_FILE = Libre2Client/Info.plist;
				INSTALL_PATH = "$(LOCAL_LIBRARY_DIR)/Frameworks";
				IPHONEOS_DEPLOYMENT_TARGET = 14.1;
				LD_RUNPATH_SEARCH_PATHS = (
					"$(inherited)",
					"@executable_path/Frameworks",
					"@loader_path/Frameworks",
				);
				MARKETING_VERSION = 1.0;
				PRODUCT_BUNDLE_IDENTIFIER = ReimarMetzen.Libre2Client;
				PRODUCT_NAME = "$(TARGET_NAME)";
				SKIP_INSTALL = YES;
				SUPPORTED_PLATFORMS = "iphonesimulator iphoneos";
				SWIFT_OPTIMIZATION_LEVEL = "-Onone";
				SWIFT_VERSION = 5.0;
				TARGETED_DEVICE_FAMILY = "1,2";
			};
			name = Release;
		};
		43A8EC88210E664300A81379 /* Debug */ = {
			isa = XCBuildConfiguration;
			buildSettings = {
				CLANG_ANALYZER_NUMBER_OBJECT_CONVERSION = YES_AGGRESSIVE;
				CLANG_CXX_LANGUAGE_STANDARD = "gnu++14";
				CLANG_ENABLE_OBJC_WEAK = YES;
				CLANG_WARN_DEPRECATED_OBJC_IMPLEMENTATIONS = YES;
				CLANG_WARN_DOCUMENTATION_COMMENTS = YES;
				CLANG_WARN_OBJC_IMPLICIT_RETAIN_SELF = YES;
				CLANG_WARN_UNGUARDED_AVAILABILITY = YES_AGGRESSIVE;
				CODE_SIGN_IDENTITY = "";
				CODE_SIGN_STYLE = Manual;
				CURRENT_PROJECT_VERSION = 1;
				DEFINES_MODULE = YES;
				DEVELOPMENT_TEAM = "";
				DYLIB_COMPATIBILITY_VERSION = 1;
				DYLIB_CURRENT_VERSION = 1;
				DYLIB_INSTALL_NAME_BASE = "@rpath";
				FRAMEWORK_SEARCH_PATHS = (
					"$(inherited)",
					"$(PROJECT_DIR)/Carthage/Build/iOS",
					"$(PROJECT_DIR)",
				);
				GCC_C_LANGUAGE_STANDARD = gnu11;
				INFOPLIST_FILE = Libre2ClientUI/Info.plist;
				INSTALL_PATH = "$(LOCAL_LIBRARY_DIR)/Frameworks";
				IPHONEOS_DEPLOYMENT_TARGET = 14.1;
				LD_RUNPATH_SEARCH_PATHS = (
					"$(inherited)",
					"@executable_path/Frameworks",
					"@loader_path/Frameworks",
				);
				PRODUCT_BUNDLE_IDENTIFIER = ReimarMetzen.Libre2ClientUI;
				PRODUCT_NAME = "$(TARGET_NAME:c99extidentifier)";
				PROVISIONING_PROFILE_SPECIFIER = "";
				"PROVISIONING_PROFILE_SPECIFIER[sdk=macosx*]" = "";
				SKIP_INSTALL = YES;
				SWIFT_ACTIVE_COMPILATION_CONDITIONS = DEBUG;
				SWIFT_VERSION = 4.0;
				TARGETED_DEVICE_FAMILY = "1,2";
			};
			name = Debug;
		};
		43A8EC89210E664300A81379 /* Release */ = {
			isa = XCBuildConfiguration;
			buildSettings = {
				CLANG_ANALYZER_NUMBER_OBJECT_CONVERSION = YES_AGGRESSIVE;
				CLANG_CXX_LANGUAGE_STANDARD = "gnu++14";
				CLANG_ENABLE_OBJC_WEAK = YES;
				CLANG_WARN_DEPRECATED_OBJC_IMPLEMENTATIONS = YES;
				CLANG_WARN_DOCUMENTATION_COMMENTS = YES;
				CLANG_WARN_OBJC_IMPLICIT_RETAIN_SELF = YES;
				CLANG_WARN_UNGUARDED_AVAILABILITY = YES_AGGRESSIVE;
				CODE_SIGN_IDENTITY = "";
				CODE_SIGN_STYLE = Manual;
				CURRENT_PROJECT_VERSION = 1;
				DEFINES_MODULE = YES;
				DEVELOPMENT_TEAM = "";
				DYLIB_COMPATIBILITY_VERSION = 1;
				DYLIB_CURRENT_VERSION = 1;
				DYLIB_INSTALL_NAME_BASE = "@rpath";
				FRAMEWORK_SEARCH_PATHS = (
					"$(inherited)",
					"$(PROJECT_DIR)/Carthage/Build/iOS",
					"$(PROJECT_DIR)",
				);
				GCC_C_LANGUAGE_STANDARD = gnu11;
				INFOPLIST_FILE = Libre2ClientUI/Info.plist;
				INSTALL_PATH = "$(LOCAL_LIBRARY_DIR)/Frameworks";
				IPHONEOS_DEPLOYMENT_TARGET = 14.1;
				LD_RUNPATH_SEARCH_PATHS = (
					"$(inherited)",
					"@executable_path/Frameworks",
					"@loader_path/Frameworks",
				);
				PRODUCT_BUNDLE_IDENTIFIER = ReimarMetzen.Libre2ClientUI;
				PRODUCT_NAME = "$(TARGET_NAME:c99extidentifier)";
				PROVISIONING_PROFILE_SPECIFIER = "";
				"PROVISIONING_PROFILE_SPECIFIER[sdk=macosx*]" = "";
				SKIP_INSTALL = YES;
				SWIFT_VERSION = 4.0;
				TARGETED_DEVICE_FAMILY = "1,2";
			};
			name = Release;
		};
/* End XCBuildConfiguration section */

/* Begin XCConfigurationList section */
		432B0E821CDFC3C50045347B /* Build configuration list for PBXProject "Libre2Client" */ = {
			isa = XCConfigurationList;
			buildConfigurations = (
				432B0E9A1CDFC3C50045347B /* Debug */,
				432B0E9B1CDFC3C50045347B /* Release */,
			);
			defaultConfigurationIsVisible = 0;
			defaultConfigurationName = Release;
		};
		432B0E9C1CDFC3C50045347B /* Build configuration list for PBXNativeTarget "Libre2Client" */ = {
			isa = XCConfigurationList;
			buildConfigurations = (
				432B0E9D1CDFC3C50045347B /* Debug */,
				432B0E9E1CDFC3C50045347B /* Release */,
			);
			defaultConfigurationIsVisible = 0;
			defaultConfigurationName = Release;
		};
		43A8EC87210E664300A81379 /* Build configuration list for PBXNativeTarget "Libre2ClientUI" */ = {
			isa = XCConfigurationList;
			buildConfigurations = (
				43A8EC88210E664300A81379 /* Debug */,
				43A8EC89210E664300A81379 /* Release */,
			);
			defaultConfigurationIsVisible = 0;
			defaultConfigurationName = Release;
		};
/* End XCConfigurationList section */

/* Begin XCRemoteSwiftPackageReference section */
		E2A9694A25F7B70A00CA01E5 /* XCRemoteSwiftPackageReference "CryptoSwift" */ = {
			isa = XCRemoteSwiftPackageReference;
			repositoryURL = "https://github.com/krzyzanowskim/CryptoSwift.git";
			requirement = {
				kind = upToNextMajorVersion;
				minimumVersion = 1.3.8;
			};
		};
/* End XCRemoteSwiftPackageReference section */

/* Begin XCSwiftPackageProductDependency section */
		E2A9694B25F7B70A00CA01E5 /* CryptoSwift */ = {
			isa = XCSwiftPackageProductDependency;
			package = E2A9694A25F7B70A00CA01E5 /* XCRemoteSwiftPackageReference "CryptoSwift" */;
			productName = CryptoSwift;
		};
/* End XCSwiftPackageProductDependency section */
	};
	rootObject = 432B0E7F1CDFC3C50045347B /* Project object */;
}
